// !$*UTF8*$!
{
	archiveVersion = 1;
	classes = {
	};
	objectVersion = 48;
	objects = {

/* Begin PBXBuildFile section */
		8C8EAC7F206A141900803BD1 /* AppDelegate.swift in Sources */ = {isa = PBXBuildFile; fileRef = 8C8EAC7E206A141900803BD1 /* AppDelegate.swift */; };
		8C8EAC81206A141900803BD1 /* MangaListViewController.swift in Sources */ = {isa = PBXBuildFile; fileRef = 8C8EAC80206A141900803BD1 /* MangaListViewController.swift */; };
		8C8EAC84206A141900803BD1 /* Main.storyboard in Resources */ = {isa = PBXBuildFile; fileRef = 8C8EAC82206A141900803BD1 /* Main.storyboard */; };
		8C8EAC86206A141900803BD1 /* Assets.xcassets in Resources */ = {isa = PBXBuildFile; fileRef = 8C8EAC85206A141900803BD1 /* Assets.xcassets */; };
		8C8EAC89206A141900803BD1 /* LaunchScreen.storyboard in Resources */ = {isa = PBXBuildFile; fileRef = 8C8EAC87206A141900803BD1 /* LaunchScreen.storyboard */; };
		8C904D772085D1BB00A599E9 /* MangaListCollectionViewCell.swift in Sources */ = {isa = PBXBuildFile; fileRef = 8C904D762085D1BB00A599E9 /* MangaListCollectionViewCell.swift */; };
		8C904D792085F78300A599E9 /* MangaDetailResponse.swift in Sources */ = {isa = PBXBuildFile; fileRef = 8C904D782085F78300A599E9 /* MangaDetailResponse.swift */; };
		8C904D7D2086017100A599E9 /* Chapter.swift in Sources */ = {isa = PBXBuildFile; fileRef = 8C904D7C2086017100A599E9 /* Chapter.swift */; };
		8C904D7F2087892500A599E9 /* MangaDetailViewController.swift in Sources */ = {isa = PBXBuildFile; fileRef = 8C904D7E2087892500A599E9 /* MangaDetailViewController.swift */; };
		8C904D822088783000A599E9 /* ChapterDetailResponse.swift in Sources */ = {isa = PBXBuildFile; fileRef = 8C904D812088783000A599E9 /* ChapterDetailResponse.swift */; };
		8C904D84208878E100A599E9 /* ChapterImage.swift in Sources */ = {isa = PBXBuildFile; fileRef = 8C904D83208878E100A599E9 /* ChapterImage.swift */; };
		8C904D8620887D4800A599E9 /* ChapterReadViewController.swift in Sources */ = {isa = PBXBuildFile; fileRef = 8C904D8520887D4800A599E9 /* ChapterReadViewController.swift */; };
		8C904D892088BB7F00A599E9 /* ImageViewController.swift in Sources */ = {isa = PBXBuildFile; fileRef = 8C904D882088BB7F00A599E9 /* ImageViewController.swift */; };
		8CF7EFAA208450D400E6AB6C /* DataRequester.swift in Sources */ = {isa = PBXBuildFile; fileRef = 8CF7EFA9208450D400E6AB6C /* DataRequester.swift */; };
		8CF7EFAD2084565000E6AB6C /* MangaListResponse.swift in Sources */ = {isa = PBXBuildFile; fileRef = 8CF7EFAC2084565000E6AB6C /* MangaListResponse.swift */; };
		8CF7EFAF208456FB00E6AB6C /* MangaResonse.swift in Sources */ = {isa = PBXBuildFile; fileRef = 8CF7EFAE208456FB00E6AB6C /* MangaResonse.swift */; };
		D74D4AE10A063344E211FAFD /* Pods_mangaReader.framework in Frameworks */ = {isa = PBXBuildFile; fileRef = B2413CBD7973B09B0B8FBB6B /* Pods_mangaReader.framework */; };
/* End PBXBuildFile section */

/* Begin PBXFileReference section */
		1A55816C541577B20C9EA282 /* Pods-mangaReader.debug.xcconfig */ = {isa = PBXFileReference; includeInIndex = 1; lastKnownFileType = text.xcconfig; name = "Pods-mangaReader.debug.xcconfig"; path = "Pods/Target Support Files/Pods-mangaReader/Pods-mangaReader.debug.xcconfig"; sourceTree = "<group>"; };
		65171A2F5A9EBB700F64B9D3 /* Pods-mangaReader.release.xcconfig */ = {isa = PBXFileReference; includeInIndex = 1; lastKnownFileType = text.xcconfig; name = "Pods-mangaReader.release.xcconfig"; path = "Pods/Target Support Files/Pods-mangaReader/Pods-mangaReader.release.xcconfig"; sourceTree = "<group>"; };
		8C8EAC7B206A141900803BD1 /* mangaReader.app */ = {isa = PBXFileReference; explicitFileType = wrapper.application; includeInIndex = 0; path = mangaReader.app; sourceTree = BUILT_PRODUCTS_DIR; };
		8C8EAC7E206A141900803BD1 /* AppDelegate.swift */ = {isa = PBXFileReference; lastKnownFileType = sourcecode.swift; path = AppDelegate.swift; sourceTree = "<group>"; };
		8C8EAC80206A141900803BD1 /* MangaListViewController.swift */ = {isa = PBXFileReference; lastKnownFileType = sourcecode.swift; path = MangaListViewController.swift; sourceTree = "<group>"; };
		8C8EAC83206A141900803BD1 /* Base */ = {isa = PBXFileReference; lastKnownFileType = file.storyboard; name = Base; path = Base.lproj/Main.storyboard; sourceTree = "<group>"; };
		8C8EAC85206A141900803BD1 /* Assets.xcassets */ = {isa = PBXFileReference; lastKnownFileType = folder.assetcatalog; path = Assets.xcassets; sourceTree = "<group>"; };
		8C8EAC88206A141900803BD1 /* Base */ = {isa = PBXFileReference; lastKnownFileType = file.storyboard; name = Base; path = Base.lproj/LaunchScreen.storyboard; sourceTree = "<group>"; };
		8C8EAC8A206A141A00803BD1 /* Info.plist */ = {isa = PBXFileReference; lastKnownFileType = text.plist.xml; path = Info.plist; sourceTree = "<group>"; };
		8C904D762085D1BB00A599E9 /* MangaListCollectionViewCell.swift */ = {isa = PBXFileReference; lastKnownFileType = sourcecode.swift; path = MangaListCollectionViewCell.swift; sourceTree = "<group>"; };
		8C904D782085F78300A599E9 /* MangaDetailResponse.swift */ = {isa = PBXFileReference; lastKnownFileType = sourcecode.swift; path = MangaDetailResponse.swift; sourceTree = "<group>"; };
		8C904D7C2086017100A599E9 /* Chapter.swift */ = {isa = PBXFileReference; lastKnownFileType = sourcecode.swift; path = Chapter.swift; sourceTree = "<group>"; };
		8C904D7E2087892500A599E9 /* MangaDetailViewController.swift */ = {isa = PBXFileReference; lastKnownFileType = sourcecode.swift; path = MangaDetailViewController.swift; sourceTree = "<group>"; };
		8C904D812088783000A599E9 /* ChapterDetailResponse.swift */ = {isa = PBXFileReference; lastKnownFileType = sourcecode.swift; path = ChapterDetailResponse.swift; sourceTree = "<group>"; };
		8C904D83208878E100A599E9 /* ChapterImage.swift */ = {isa = PBXFileReference; lastKnownFileType = sourcecode.swift; path = ChapterImage.swift; sourceTree = "<group>"; };
		8C904D8520887D4800A599E9 /* ChapterReadViewController.swift */ = {isa = PBXFileReference; lastKnownFileType = sourcecode.swift; path = ChapterReadViewController.swift; sourceTree = "<group>"; };
		8C904D882088BB7F00A599E9 /* ImageViewController.swift */ = {isa = PBXFileReference; lastKnownFileType = sourcecode.swift; path = ImageViewController.swift; sourceTree = "<group>"; };
		8CF7EFA9208450D400E6AB6C /* DataRequester.swift */ = {isa = PBXFileReference; lastKnownFileType = sourcecode.swift; path = DataRequester.swift; sourceTree = "<group>"; };
		8CF7EFAC2084565000E6AB6C /* MangaListResponse.swift */ = {isa = PBXFileReference; lastKnownFileType = sourcecode.swift; path = MangaListResponse.swift; sourceTree = "<group>"; };
		8CF7EFAE208456FB00E6AB6C /* MangaResonse.swift */ = {isa = PBXFileReference; lastKnownFileType = sourcecode.swift; path = MangaResonse.swift; sourceTree = "<group>"; };
		B2413CBD7973B09B0B8FBB6B /* Pods_mangaReader.framework */ = {isa = PBXFileReference; explicitFileType = wrapper.framework; includeInIndex = 0; path = Pods_mangaReader.framework; sourceTree = BUILT_PRODUCTS_DIR; };
/* End PBXFileReference section */

/* Begin PBXFrameworksBuildPhase section */
		8C8EAC78206A141900803BD1 /* Frameworks */ = {
			isa = PBXFrameworksBuildPhase;
			buildActionMask = 2147483647;
			files = (
				D74D4AE10A063344E211FAFD /* Pods_mangaReader.framework in Frameworks */,
			);
			runOnlyForDeploymentPostprocessing = 0;
		};
/* End PBXFrameworksBuildPhase section */

/* Begin PBXGroup section */
		0E611F14384F8ADBC4EE0989 /* Pods */ = {
			isa = PBXGroup;
			children = (
				1A55816C541577B20C9EA282 /* Pods-mangaReader.debug.xcconfig */,
				65171A2F5A9EBB700F64B9D3 /* Pods-mangaReader.release.xcconfig */,
			);
			name = Pods;
			sourceTree = "<group>";
		};
		406A76AEB7A1B64FDCDD253C /* Frameworks */ = {
			isa = PBXGroup;
			children = (
				B2413CBD7973B09B0B8FBB6B /* Pods_mangaReader.framework */,
			);
			name = Frameworks;
			sourceTree = "<group>";
		};
		8C8EAC72206A141900803BD1 = {
			isa = PBXGroup;
			children = (
				8C8EAC7D206A141900803BD1 /* mangaReader */,
				8C8EAC7C206A141900803BD1 /* Products */,
				0E611F14384F8ADBC4EE0989 /* Pods */,
				406A76AEB7A1B64FDCDD253C /* Frameworks */,
			);
			sourceTree = "<group>";
		};
		8C8EAC7C206A141900803BD1 /* Products */ = {
			isa = PBXGroup;
			children = (
				8C8EAC7B206A141900803BD1 /* mangaReader.app */,
			);
			name = Products;
			sourceTree = "<group>";
		};
		8C8EAC7D206A141900803BD1 /* mangaReader */ = {
			isa = PBXGroup;
			children = (
				8C904D872088813800A599E9 /* Views */,
				8C904D802087892D00A599E9 /* ViewControllers */,
				8CF7EFAB2084560000E6AB6C /* Models */,
				8C8EAC7E206A141900803BD1 /* AppDelegate.swift */,
				8C8EAC82206A141900803BD1 /* Main.storyboard */,
				8C8EAC85206A141900803BD1 /* Assets.xcassets */,
				8C8EAC87206A141900803BD1 /* LaunchScreen.storyboard */,
				8C8EAC8A206A141A00803BD1 /* Info.plist */,
			);
			path = mangaReader;
			sourceTree = "<group>";
		};
		8C904D802087892D00A599E9 /* ViewControllers */ = {
			isa = PBXGroup;
			children = (
				8C8EAC80206A141900803BD1 /* MangaListViewController.swift */,
				8C904D7E2087892500A599E9 /* MangaDetailViewController.swift */,
				8C904D8520887D4800A599E9 /* ChapterReadViewController.swift */,
				8C904D882088BB7F00A599E9 /* ImageViewController.swift */,
			);
			path = ViewControllers;
			sourceTree = "<group>";
		};
		8C904D872088813800A599E9 /* Views */ = {
			isa = PBXGroup;
			children = (
				8C904D762085D1BB00A599E9 /* MangaListCollectionViewCell.swift */,
			);
			path = Views;
			sourceTree = "<group>";
		};
		8CF7EFAB2084560000E6AB6C /* Models */ = {
			isa = PBXGroup;
			children = (
				8CF7EFA9208450D400E6AB6C /* DataRequester.swift */,
				8C904D7C2086017100A599E9 /* Chapter.swift */,
				8C904D83208878E100A599E9 /* ChapterImage.swift */,
				8C904D812088783000A599E9 /* ChapterDetailResponse.swift */,
				8CF7EFAC2084565000E6AB6C /* MangaListResponse.swift */,
				8C904D782085F78300A599E9 /* MangaDetailResponse.swift */,
				8CF7EFAE208456FB00E6AB6C /* MangaResonse.swift */,
			);
			path = Models;
			sourceTree = "<group>";
		};
/* End PBXGroup section */

/* Begin PBXNativeTarget section */
		8C8EAC7A206A141900803BD1 /* mangaReader */ = {
			isa = PBXNativeTarget;
			buildConfigurationList = 8C8EAC8D206A141A00803BD1 /* Build configuration list for PBXNativeTarget "mangaReader" */;
			buildPhases = (
				C599AB61CF3998DFBBA51175 /* [CP] Check Pods Manifest.lock */,
				8C8EAC77206A141900803BD1 /* Sources */,
				8C8EAC78206A141900803BD1 /* Frameworks */,
				8C8EAC79206A141900803BD1 /* Resources */,
				B4B5F8610B6CBC21841D5491 /* [CP] Embed Pods Frameworks */,
				EF781E7B7E031A275CF80E9B /* [CP] Copy Pods Resources */,
			);
			buildRules = (
			);
			dependencies = (
			);
			name = mangaReader;
			productName = mangaReader;
			productReference = 8C8EAC7B206A141900803BD1 /* mangaReader.app */;
			productType = "com.apple.product-type.application";
		};
/* End PBXNativeTarget section */

/* Begin PBXProject section */
		8C8EAC73206A141900803BD1 /* Project object */ = {
			isa = PBXProject;
			attributes = {
				LastSwiftUpdateCheck = 0920;
				LastUpgradeCheck = 0920;
				ORGANIZATIONNAME = "Yiming Dong";
				TargetAttributes = {
					8C8EAC7A206A141900803BD1 = {
						CreatedOnToolsVersion = 9.2;
						ProvisioningStyle = Automatic;
					};
				};
			};
			buildConfigurationList = 8C8EAC76206A141900803BD1 /* Build configuration list for PBXProject "mangaReader" */;
			compatibilityVersion = "Xcode 8.0";
			developmentRegion = en;
			hasScannedForEncodings = 0;
			knownRegions = (
				en,
				Base,
			);
			mainGroup = 8C8EAC72206A141900803BD1;
			productRefGroup = 8C8EAC7C206A141900803BD1 /* Products */;
			projectDirPath = "";
			projectRoot = "";
			targets = (
				8C8EAC7A206A141900803BD1 /* mangaReader */,
			);
		};
/* End PBXProject section */

/* Begin PBXResourcesBuildPhase section */
		8C8EAC79206A141900803BD1 /* Resources */ = {
			isa = PBXResourcesBuildPhase;
			buildActionMask = 2147483647;
			files = (
				8C8EAC89206A141900803BD1 /* LaunchScreen.storyboard in Resources */,
				8C8EAC86206A141900803BD1 /* Assets.xcassets in Resources */,
				8C8EAC84206A141900803BD1 /* Main.storyboard in Resources */,
			);
			runOnlyForDeploymentPostprocessing = 0;
		};
/* End PBXResourcesBuildPhase section */

/* Begin PBXShellScriptBuildPhase section */
		B4B5F8610B6CBC21841D5491 /* [CP] Embed Pods Frameworks */ = {
			isa = PBXShellScriptBuildPhase;
			buildActionMask = 2147483647;
			files = (
			);
			inputPaths = (
				"${SRCROOT}/Pods/Target Support Files/Pods-mangaReader/Pods-mangaReader-frameworks.sh",
				"${BUILT_PRODUCTS_DIR}/Alamofire/Alamofire.framework",
				"${BUILT_PRODUCTS_DIR}/AlamofireImage/AlamofireImage.framework",
				"${BUILT_PRODUCTS_DIR}/AlamofireObjectMapper/AlamofireObjectMapper.framework",
				"${BUILT_PRODUCTS_DIR}/ObjectMapper/ObjectMapper.framework",
				"${BUILT_PRODUCTS_DIR}/SnapKit/SnapKit.framework",
			);
			name = "[CP] Embed Pods Frameworks";
			outputPaths = (
				"${TARGET_BUILD_DIR}/${FRAMEWORKS_FOLDER_PATH}/Alamofire.framework",
				"${TARGET_BUILD_DIR}/${FRAMEWORKS_FOLDER_PATH}/AlamofireImage.framework",
				"${TARGET_BUILD_DIR}/${FRAMEWORKS_FOLDER_PATH}/AlamofireObjectMapper.framework",
				"${TARGET_BUILD_DIR}/${FRAMEWORKS_FOLDER_PATH}/ObjectMapper.framework",
				"${TARGET_BUILD_DIR}/${FRAMEWORKS_FOLDER_PATH}/SnapKit.framework",
			);
			runOnlyForDeploymentPostprocessing = 0;
			shellPath = /bin/sh;
			shellScript = "\"${SRCROOT}/Pods/Target Support Files/Pods-mangaReader/Pods-mangaReader-frameworks.sh\"\n";
			showEnvVarsInLog = 0;
		};
		C599AB61CF3998DFBBA51175 /* [CP] Check Pods Manifest.lock */ = {
			isa = PBXShellScriptBuildPhase;
			buildActionMask = 2147483647;
			files = (
			);
			inputPaths = (
				"${PODS_PODFILE_DIR_PATH}/Podfile.lock",
				"${PODS_ROOT}/Manifest.lock",
			);
			name = "[CP] Check Pods Manifest.lock";
			outputPaths = (
				"$(DERIVED_FILE_DIR)/Pods-mangaReader-checkManifestLockResult.txt",
			);
			runOnlyForDeploymentPostprocessing = 0;
			shellPath = /bin/sh;
			shellScript = "diff \"${PODS_PODFILE_DIR_PATH}/Podfile.lock\" \"${PODS_ROOT}/Manifest.lock\" > /dev/null\nif [ $? != 0 ] ; then\n    # print error to STDERR\n    echo \"error: The sandbox is not in sync with the Podfile.lock. Run 'pod install' or update your CocoaPods installation.\" >&2\n    exit 1\nfi\n# This output is used by Xcode 'outputs' to avoid re-running this script phase.\necho \"SUCCESS\" > \"${SCRIPT_OUTPUT_FILE_0}\"\n";
			showEnvVarsInLog = 0;
		};
		EF781E7B7E031A275CF80E9B /* [CP] Copy Pods Resources */ = {
			isa = PBXShellScriptBuildPhase;
			buildActionMask = 2147483647;
			files = (
			);
			inputPaths = (
			);
			name = "[CP] Copy Pods Resources";
			outputPaths = (
			);
			runOnlyForDeploymentPostprocessing = 0;
			shellPath = /bin/sh;
			shellScript = "\"${SRCROOT}/Pods/Target Support Files/Pods-mangaReader/Pods-mangaReader-resources.sh\"\n";
			showEnvVarsInLog = 0;
		};
/* End PBXShellScriptBuildPhase section */

/* Begin PBXSourcesBuildPhase section */
		8C8EAC77206A141900803BD1 /* Sources */ = {
			isa = PBXSourcesBuildPhase;
			buildActionMask = 2147483647;
			files = (
				8C904D8620887D4800A599E9 /* ChapterReadViewController.swift in Sources */,
				8C8EAC81206A141900803BD1 /* MangaListViewController.swift in Sources */,
				8C904D822088783000A599E9 /* ChapterDetailResponse.swift in Sources */,
				8CF7EFAD2084565000E6AB6C /* MangaListResponse.swift in Sources */,
				8CF7EFAF208456FB00E6AB6C /* MangaResonse.swift in Sources */,
				8C8EAC7F206A141900803BD1 /* AppDelegate.swift in Sources */,
				8C904D892088BB7F00A599E9 /* ImageViewController.swift in Sources */,
				8CF7EFAA208450D400E6AB6C /* DataRequester.swift in Sources */,
				8C904D84208878E100A599E9 /* ChapterImage.swift in Sources */,
				8C904D792085F78300A599E9 /* MangaDetailResponse.swift in Sources */,
				8C904D772085D1BB00A599E9 /* MangaListCollectionViewCell.swift in Sources */,
				8C904D7F2087892500A599E9 /* MangaDetailViewController.swift in Sources */,
				8C904D7D2086017100A599E9 /* Chapter.swift in Sources */,
			);
			runOnlyForDeploymentPostprocessing = 0;
		};
/* End PBXSourcesBuildPhase section */

/* Begin PBXVariantGroup section */
		8C8EAC82206A141900803BD1 /* Main.storyboard */ = {
			isa = PBXVariantGroup;
			children = (
				8C8EAC83206A141900803BD1 /* Base */,
			);
			name = Main.storyboard;
			sourceTree = "<group>";
		};
		8C8EAC87206A141900803BD1 /* LaunchScreen.storyboard */ = {
			isa = PBXVariantGroup;
			children = (
				8C8EAC88206A141900803BD1 /* Base */,
			);
			name = LaunchScreen.storyboard;
			sourceTree = "<group>";
		};
/* End PBXVariantGroup section */

/* Begin XCBuildConfiguration section */
		8C8EAC8B206A141A00803BD1 /* Debug */ = {
			isa = XCBuildConfiguration;
			buildSettings = {
				ALWAYS_SEARCH_USER_PATHS = NO;
				CLANG_ANALYZER_NONNULL = YES;
				CLANG_ANALYZER_NUMBER_OBJECT_CONVERSION = YES_AGGRESSIVE;
				CLANG_CXX_LANGUAGE_STANDARD = "gnu++14";
				CLANG_CXX_LIBRARY = "libc++";
				CLANG_ENABLE_MODULES = YES;
				CLANG_ENABLE_OBJC_ARC = YES;
				CLANG_WARN_BLOCK_CAPTURE_AUTORELEASING = YES;
				CLANG_WARN_BOOL_CONVERSION = YES;
				CLANG_WARN_COMMA = YES;
				CLANG_WARN_CONSTANT_CONVERSION = YES;
				CLANG_WARN_DIRECT_OBJC_ISA_USAGE = YES_ERROR;
				CLANG_WARN_DOCUMENTATION_COMMENTS = YES;
				CLANG_WARN_EMPTY_BODY = YES;
				CLANG_WARN_ENUM_CONVERSION = YES;
				CLANG_WARN_INFINITE_RECURSION = YES;
				CLANG_WARN_INT_CONVERSION = YES;
				CLANG_WARN_NON_LITERAL_NULL_CONVERSION = YES;
				CLANG_WARN_OBJC_LITERAL_CONVERSION = YES;
				CLANG_WARN_OBJC_ROOT_CLASS = YES_ERROR;
				CLANG_WARN_RANGE_LOOP_ANALYSIS = YES;
				CLANG_WARN_STRICT_PROTOTYPES = YES;
				CLANG_WARN_SUSPICIOUS_MOVE = YES;
				CLANG_WARN_UNGUARDED_AVAILABILITY = YES_AGGRESSIVE;
				CLANG_WARN_UNREACHABLE_CODE = YES;
				CLANG_WARN__DUPLICATE_METHOD_MATCH = YES;
				CODE_SIGN_IDENTITY = "iPhone Developer";
				COPY_PHASE_STRIP = NO;
				DEBUG_INFORMATION_FORMAT = dwarf;
				ENABLE_STRICT_OBJC_MSGSEND = YES;
				ENABLE_TESTABILITY = YES;
				GCC_C_LANGUAGE_STANDARD = gnu11;
				GCC_DYNAMIC_NO_PIC = NO;
				GCC_NO_COMMON_BLOCKS = YES;
				GCC_OPTIMIZATION_LEVEL = 0;
				GCC_PREPROCESSOR_DEFINITIONS = (
					"DEBUG=1",
					"$(inherited)",
				);
				GCC_WARN_64_TO_32_BIT_CONVERSION = YES;
				GCC_WARN_ABOUT_RETURN_TYPE = YES_ERROR;
				GCC_WARN_UNDECLARED_SELECTOR = YES;
				GCC_WARN_UNINITIALIZED_AUTOS = YES_AGGRESSIVE;
				GCC_WARN_UNUSED_FUNCTION = YES;
				GCC_WARN_UNUSED_VARIABLE = YES;
				IPHONEOS_DEPLOYMENT_TARGET = 11.2;
				MTL_ENABLE_DEBUG_INFO = YES;
				ONLY_ACTIVE_ARCH = YES;
				SDKROOT = iphoneos;
				SWIFT_ACTIVE_COMPILATION_CONDITIONS = DEBUG;
				SWIFT_OPTIMIZATION_LEVEL = "-Onone";
			};
			name = Debug;
		};
		8C8EAC8C206A141A00803BD1 /* Release */ = {
			isa = XCBuildConfiguration;
			buildSettings = {
				ALWAYS_SEARCH_USER_PATHS = NO;
				CLANG_ANALYZER_NONNULL = YES;
				CLANG_ANALYZER_NUMBER_OBJECT_CONVERSION = YES_AGGRESSIVE;
				CLANG_CXX_LANGUAGE_STANDARD = "gnu++14";
				CLANG_CXX_LIBRARY = "libc++";
				CLANG_ENABLE_MODULES = YES;
				CLANG_ENABLE_OBJC_ARC = YES;
				CLANG_WARN_BLOCK_CAPTURE_AUTORELEASING = YES;
				CLANG_WARN_BOOL_CONVERSION = YES;
				CLANG_WARN_COMMA = YES;
				CLANG_WARN_CONSTANT_CONVERSION = YES;
				CLANG_WARN_DIRECT_OBJC_ISA_USAGE = YES_ERROR;
				CLANG_WARN_DOCUMENTATION_COMMENTS = YES;
				CLANG_WARN_EMPTY_BODY = YES;
				CLANG_WARN_ENUM_CONVERSION = YES;
				CLANG_WARN_INFINITE_RECURSION = YES;
				CLANG_WARN_INT_CONVERSION = YES;
				CLANG_WARN_NON_LITERAL_NULL_CONVERSION = YES;
				CLANG_WARN_OBJC_LITERAL_CONVERSION = YES;
				CLANG_WARN_OBJC_ROOT_CLASS = YES_ERROR;
				CLANG_WARN_RANGE_LOOP_ANALYSIS = YES;
				CLANG_WARN_STRICT_PROTOTYPES = YES;
				CLANG_WARN_SUSPICIOUS_MOVE = YES;
				CLANG_WARN_UNGUARDED_AVAILABILITY = YES_AGGRESSIVE;
				CLANG_WARN_UNREACHABLE_CODE = YES;
				CLANG_WARN__DUPLICATE_METHOD_MATCH = YES;
				CODE_SIGN_IDENTITY = "iPhone Developer";
				COPY_PHASE_STRIP = NO;
				DEBUG_INFORMATION_FORMAT = "dwarf-with-dsym";
				ENABLE_NS_ASSERTIONS = NO;
				ENABLE_STRICT_OBJC_MSGSEND = YES;
				GCC_C_LANGUAGE_STANDARD = gnu11;
				GCC_NO_COMMON_BLOCKS = YES;
				GCC_WARN_64_TO_32_BIT_CONVERSION = YES;
				GCC_WARN_ABOUT_RETURN_TYPE = YES_ERROR;
				GCC_WARN_UNDECLARED_SELECTOR = YES;
				GCC_WARN_UNINITIALIZED_AUTOS = YES_AGGRESSIVE;
				GCC_WARN_UNUSED_FUNCTION = YES;
				GCC_WARN_UNUSED_VARIABLE = YES;
				IPHONEOS_DEPLOYMENT_TARGET = 11.2;
				MTL_ENABLE_DEBUG_INFO = NO;
				SDKROOT = iphoneos;
				SWIFT_OPTIMIZATION_LEVEL = "-Owholemodule";
				VALIDATE_PRODUCT = YES;
			};
			name = Release;
		};
		8C8EAC8E206A141A00803BD1 /* Debug */ = {
			isa = XCBuildConfiguration;
			baseConfigurationReference = 1A55816C541577B20C9EA282 /* Pods-mangaReader.debug.xcconfig */;
			buildSettings = {
				ASSETCATALOG_COMPILER_APPICON_NAME = AppIcon;
				CODE_SIGN_STYLE = Automatic;
				DEVELOPMENT_TEAM = 8MWQU2YKZK;
				INFOPLIST_FILE = mangaReader/Info.plist;
				IPHONEOS_DEPLOYMENT_TARGET = 9.0;
				LD_RUNPATH_SEARCH_PATHS = "$(inherited) @executable_path/Frameworks";
				PRODUCT_BUNDLE_IDENTIFIER = com.dym.mangaReader;
				PRODUCT_NAME = "$(TARGET_NAME)";
				SWIFT_VERSION = 4.0;
				TARGETED_DEVICE_FAMILY = "1,2";
			};
			name = Debug;
		};
		8C8EAC8F206A141A00803BD1 /* Release */ = {
			isa = XCBuildConfiguration;
			baseConfigurationReference = 65171A2F5A9EBB700F64B9D3 /* Pods-mangaReader.release.xcconfig */;
			buildSettings = {
				ASSETCATALOG_COMPILER_APPICON_NAME = AppIcon;
				CODE_SIGN_STYLE = Automatic;
				DEVELOPMENT_TEAM = 8MWQU2YKZK;
				INFOPLIST_FILE = mangaReader/Info.plist;
				IPHONEOS_DEPLOYMENT_TARGET = 9.0;
				LD_RUNPATH_SEARCH_PATHS = "$(inherited) @executable_path/Frameworks";
				PRODUCT_BUNDLE_IDENTIFIER = com.dym.mangaReader;
				PRODUCT_NAME = "$(TARGET_NAME)";
				SWIFT_VERSION = 4.0;
				TARGETED_DEVICE_FAMILY = "1,2";
			};
			name = Release;
		};
/* End XCBuildConfiguration section */

/* Begin XCConfigurationList section */
		8C8EAC76206A141900803BD1 /* Build configuration list for PBXProject "mangaReader" */ = {
			isa = XCConfigurationList;
			buildConfigurations = (
				8C8EAC8B206A141A00803BD1 /* Debug */,
				8C8EAC8C206A141A00803BD1 /* Release */,
			);
			defaultConfigurationIsVisible = 0;
			defaultConfigurationName = Release;
		};
		8C8EAC8D206A141A00803BD1 /* Build configuration list for PBXNativeTarget "mangaReader" */ = {
			isa = XCConfigurationList;
			buildConfigurations = (
				8C8EAC8E206A141A00803BD1 /* Debug */,
				8C8EAC8F206A141A00803BD1 /* Release */,
			);
			defaultConfigurationIsVisible = 0;
			defaultConfigurationName = Release;
		};
/* End XCConfigurationList section */
	};
	rootObject = 8C8EAC73206A141900803BD1 /* Project object */;
}
