// !$*UTF8*$!
{
	archiveVersion = 1;
	classes = {
	};
	objectVersion = 48;
	objects = {

/* Begin PBXBuildFile section */
		308E8E4D21C8826A000F7F63 /* LamaTagSuggestionResponse.swift in Sources */ = {isa = PBXBuildFile; fileRef = 308E8E4C21C8826A000F7F63 /* LamaTagSuggestionResponse.swift */; };
		30F4340321C4C12B0078E01C /* LamaSearchResponse.swift in Sources */ = {isa = PBXBuildFile; fileRef = 30F4340221C4C12B0078E01C /* LamaSearchResponse.swift */; };
		30F4340521C4CD950078E01C /* EdenSearchViewModel.swift in Sources */ = {isa = PBXBuildFile; fileRef = 30F4340421C4CD950078E01C /* EdenSearchViewModel.swift */; };
		30F4340721C4CF010078E01C /* LamaSearchViewModel.swift in Sources */ = {isa = PBXBuildFile; fileRef = 30F4340621C4CF010078E01C /* LamaSearchViewModel.swift */; };
		30F4340921C4D7750078E01C /* CustomRequestAdapter.swift in Sources */ = {isa = PBXBuildFile; fileRef = 30F4340821C4D7750078E01C /* CustomRequestAdapter.swift */; };
		8C16A8CF20A12DAC009D5692 /* Localizable.strings in Resources */ = {isa = PBXBuildFile; fileRef = 8C16A8D120A12DAC009D5692 /* Localizable.strings */; };
		8C16A8D820A13204009D5692 /* MangaDetailTableViewCell.xib in Resources */ = {isa = PBXBuildFile; fileRef = 8C16A8DA20A13204009D5692 /* MangaDetailTableViewCell.xib */; };
		8C16A8E220A1329B009D5692 /* MangaDetailHeaderTableViewCell.xib in Resources */ = {isa = PBXBuildFile; fileRef = 8C16A8E120A1329B009D5692 /* MangaDetailHeaderTableViewCell.xib */; };
		8C16A8E520A134CD009D5692 /* InfoPlist.strings in Resources */ = {isa = PBXBuildFile; fileRef = 8C16A8E720A134CD009D5692 /* InfoPlist.strings */; };
		8C2250052092E1BD00C8E160 /* SettingsViewController.swift in Sources */ = {isa = PBXBuildFile; fileRef = 8C2250042092E1BD00C8E160 /* SettingsViewController.swift */; };
		8C39477F208E1AB900344FCF /* FavoriteManga.swift in Sources */ = {isa = PBXBuildFile; fileRef = 8C39477E208E1AB900344FCF /* FavoriteManga.swift */; };
		8C394781208E2AA200344FCF /* Document.txt in Resources */ = {isa = PBXBuildFile; fileRef = 8C394780208E2AA200344FCF /* Document.txt */; };
		8C3C8BD42196B366000F3FDD /* NetworkManager.swift in Sources */ = {isa = PBXBuildFile; fileRef = 8C3C8BD32196B366000F3FDD /* NetworkManager.swift */; };
		8C3C8BD62196B3F5000F3FDD /* LamaApi.swift in Sources */ = {isa = PBXBuildFile; fileRef = 8C3C8BD52196B3F5000F3FDD /* LamaApi.swift */; };
		8C3C8BD82196B40D000F3FDD /* LamaEndpoint.swift in Sources */ = {isa = PBXBuildFile; fileRef = 8C3C8BD72196B40D000F3FDD /* LamaEndpoint.swift */; };
		8C3C8BDD2196B794000F3FDD /* LamaDailyResponse.swift in Sources */ = {isa = PBXBuildFile; fileRef = 8C3C8BDC2196B794000F3FDD /* LamaDailyResponse.swift */; };
		8C3C8BE22196B842000F3FDD /* LamaComic.swift in Sources */ = {isa = PBXBuildFile; fileRef = 8C3C8BE12196B842000F3FDD /* LamaComic.swift */; };
		8C3C8BE42196B8A8000F3FDD /* LamaTopic.swift in Sources */ = {isa = PBXBuildFile; fileRef = 8C3C8BE32196B8A8000F3FDD /* LamaTopic.swift */; };
		8C3C8BE72196BBC0000F3FDD /* LamaMangaListViewModel.swift in Sources */ = {isa = PBXBuildFile; fileRef = 8C3C8BE62196BBC0000F3FDD /* LamaMangaListViewModel.swift */; };
		8C3C8BEA2196BC60000F3FDD /* MangaProtocol.swift in Sources */ = {isa = PBXBuildFile; fileRef = 8C3C8BE92196BC60000F3FDD /* MangaProtocol.swift */; };
		8C3C8BEC2197D76D000F3FDD /* MangaListViewModelProtocol.swift in Sources */ = {isa = PBXBuildFile; fileRef = 8C3C8BEB2197D76D000F3FDD /* MangaListViewModelProtocol.swift */; };
		8C3C8BEE21980C1B000F3FDD /* FSInjector.swift in Sources */ = {isa = PBXBuildFile; fileRef = 8C3C8BED21980C1B000F3FDD /* FSInjector.swift */; };
		8C3C8BF021980E2C000F3FDD /* MangaSource.swift in Sources */ = {isa = PBXBuildFile; fileRef = 8C3C8BEF21980E2C000F3FDD /* MangaSource.swift */; };
		8C3C8BF2219871A1000F3FDD /* ReportBadResponse.swift in Sources */ = {isa = PBXBuildFile; fileRef = 8C3C8BF1219871A1000F3FDD /* ReportBadResponse.swift */; };
		8C3C8BFA21987492000F3FDD /* MangaEdenApiTests.swift in Sources */ = {isa = PBXBuildFile; fileRef = 8C3C8BF921987492000F3FDD /* MangaEdenApiTests.swift */; };
		8C3C8C022199BD76000F3FDD /* LamaTopicsResponse.swift in Sources */ = {isa = PBXBuildFile; fileRef = 8C3C8C012199BD76000F3FDD /* LamaTopicsResponse.swift */; };
		8C4EFCDF208CD0B5007D342C /* MangaDetailHeaderTableViewCell.swift in Sources */ = {isa = PBXBuildFile; fileRef = 8C4EFCDD208CD0B5007D342C /* MangaDetailHeaderTableViewCell.swift */; };
		8C4EFCE2208D47DE007D342C /* MangaDetailTabView.swift in Sources */ = {isa = PBXBuildFile; fileRef = 8C4EFCE1208D47DE007D342C /* MangaDetailTabView.swift */; };
		8C4EFCE5208DA61D007D342C /* MangaDetailTableViewCell.swift in Sources */ = {isa = PBXBuildFile; fileRef = 8C4EFCE3208DA61D007D342C /* MangaDetailTableViewCell.swift */; };
		8C58A54F208EAD4100FF71B2 /* MangaCurrentChapter.swift in Sources */ = {isa = PBXBuildFile; fileRef = 8C58A54E208EAD4100FF71B2 /* MangaCurrentChapter.swift */; };
		8C5E78E821BCE36500754DAB /* ChapterProtocol.swift in Sources */ = {isa = PBXBuildFile; fileRef = 8C5E78E721BCE36500754DAB /* ChapterProtocol.swift */; };
		8C5E78EA21BCE59C00754DAB /* EdenChapterDetail.swift in Sources */ = {isa = PBXBuildFile; fileRef = 8C5E78E921BCE59C00754DAB /* EdenChapterDetail.swift */; };
		8C5E78EC21BCF59900754DAB /* ImagePageView.swift in Sources */ = {isa = PBXBuildFile; fileRef = 8C5E78EB21BCF59900754DAB /* ImagePageView.swift */; };
		8C5E78EF21BCFB2500754DAB /* ImagePageViewCell.swift in Sources */ = {isa = PBXBuildFile; fileRef = 8C5E78ED21BCFB2500754DAB /* ImagePageViewCell.swift */; };
		8C5E78F021BCFB2500754DAB /* ImagePageViewCell.xib in Resources */ = {isa = PBXBuildFile; fileRef = 8C5E78EE21BCFB2500754DAB /* ImagePageViewCell.xib */; };
		8C5E78F321BCFC0B00754DAB /* ImagePageViewCollectionCell.swift in Sources */ = {isa = PBXBuildFile; fileRef = 8C5E78F121BCFC0A00754DAB /* ImagePageViewCollectionCell.swift */; };
		8C5E78F421BCFC0B00754DAB /* ImagePageViewCollectionCell.xib in Resources */ = {isa = PBXBuildFile; fileRef = 8C5E78F221BCFC0B00754DAB /* ImagePageViewCollectionCell.xib */; };
		8C5E78F621BD026200754DAB /* UICollectionView+Helper.swift in Sources */ = {isa = PBXBuildFile; fileRef = 8C5E78F521BD026200754DAB /* UICollectionView+Helper.swift */; };
		8C5E78F821BEAEBD00754DAB /* LamaMangaDetailViewModel.swift in Sources */ = {isa = PBXBuildFile; fileRef = 8C5E78F721BEAEBD00754DAB /* LamaMangaDetailViewModel.swift */; };
		8C5E78FA21BEBAFB00754DAB /* BaseMangaDetailViewModel.swift in Sources */ = {isa = PBXBuildFile; fileRef = 8C5E78F921BEBAFB00754DAB /* BaseMangaDetailViewModel.swift */; };
		8C5E78FD21C0081300754DAB /* ChapterDetailProtocol.swift in Sources */ = {isa = PBXBuildFile; fileRef = 8C5E78FC21C0081300754DAB /* ChapterDetailProtocol.swift */; };
		8C5E790221C1538300754DAB /* BaseChapterReadViewModel.swift in Sources */ = {isa = PBXBuildFile; fileRef = 8C5E790121C1538300754DAB /* BaseChapterReadViewModel.swift */; };
		8C5E790421C1570200754DAB /* LamaChapterReadViewModel.swift in Sources */ = {isa = PBXBuildFile; fileRef = 8C5E790321C1570200754DAB /* LamaChapterReadViewModel.swift */; };
		8C5E790A21CE707000754DAB /* CategoryProtocol.swift in Sources */ = {isa = PBXBuildFile; fileRef = 8C5E790921CE707000754DAB /* CategoryProtocol.swift */; };
		8C5E790C21CE70A800754DAB /* EdenCategory.swift in Sources */ = {isa = PBXBuildFile; fileRef = 8C5E790B21CE70A800754DAB /* EdenCategory.swift */; };
		8C5E790E21D33BE900754DAB /* CategoryRefresherProtocol.swift in Sources */ = {isa = PBXBuildFile; fileRef = 8C5E790D21D33BE900754DAB /* CategoryRefresherProtocol.swift */; };
		8C5E791021D33F5700754DAB /* LamaCategory.swift in Sources */ = {isa = PBXBuildFile; fileRef = 8C5E790F21D33F5700754DAB /* LamaCategory.swift */; };
		8C5E791221D46E3600754DAB /* MangaDownloadViewController.swift in Sources */ = {isa = PBXBuildFile; fileRef = 8C5E791121D46E3600754DAB /* MangaDownloadViewController.swift */; };
		8C5E791421D4B8BF00754DAB /* DownloadManager.swift in Sources */ = {isa = PBXBuildFile; fileRef = 8C5E791321D4B8BF00754DAB /* DownloadManager.swift */; };
		8C5EA97120F0AF0A007E8A7D /* ConsentManager.swift in Sources */ = {isa = PBXBuildFile; fileRef = 8C5EA97020F0AF09007E8A7D /* ConsentManager.swift */; };
		8C60C95E2092E5AA0069EFDB /* GenresListViewController.swift in Sources */ = {isa = PBXBuildFile; fileRef = 8C60C95D2092E5AA0069EFDB /* GenresListViewController.swift */; };
		8C60C960209414350069EFDB /* FavoritesViewController.swift in Sources */ = {isa = PBXBuildFile; fileRef = 8C60C95F209414350069EFDB /* FavoritesViewController.swift */; };
		8C60C962209427920069EFDB /* Assets.xcassets in Resources */ = {isa = PBXBuildFile; fileRef = 8C60C961209427920069EFDB /* Assets.xcassets */; };
		8C60C964209428380069EFDB /* EmptyInfoView.swift in Sources */ = {isa = PBXBuildFile; fileRef = 8C60C963209428380069EFDB /* EmptyInfoView.swift */; };
		8C60C9662094A4FE0069EFDB /* RecentManga.swift in Sources */ = {isa = PBXBuildFile; fileRef = 8C60C9652094A4FE0069EFDB /* RecentManga.swift */; };
		8C60C9682094A8B20069EFDB /* RecentViewController.swift in Sources */ = {isa = PBXBuildFile; fileRef = 8C60C9672094A8B20069EFDB /* RecentViewController.swift */; };
		8C81DCEA2180C0AA00F47A31 /* SF-Pro-Text-Regular.otf in Resources */ = {isa = PBXBuildFile; fileRef = 8C81DCE82180C0A900F47A31 /* SF-Pro-Text-Regular.otf */; };
		8C81DCEB2180C0AA00F47A31 /* Radomir Tinkov - Gilroy-SemiBold.otf in Resources */ = {isa = PBXBuildFile; fileRef = 8C81DCE92180C0A900F47A31 /* Radomir Tinkov - Gilroy-SemiBold.otf */; };
		8C81DCED2180C0EF00F47A31 /* Font+Custom.swift in Sources */ = {isa = PBXBuildFile; fileRef = 8C81DCEC2180C0EF00F47A31 /* Font+Custom.swift */; };
		8C81DCEF2180D43600F47A31 /* NSAttributedString+Helper.swift in Sources */ = {isa = PBXBuildFile; fileRef = 8C81DCEE2180D43600F47A31 /* NSAttributedString+Helper.swift */; };
		8C81DCF12180DC8200F47A31 /* UITableView+Helper.swift in Sources */ = {isa = PBXBuildFile; fileRef = 8C81DCF02180DC8200F47A31 /* UITableView+Helper.swift */; };
		8C81DD1721857EA700F47A31 /* NestedTableViewCell.xib in Resources */ = {isa = PBXBuildFile; fileRef = 8C81DD1521857EA600F47A31 /* NestedTableViewCell.xib */; };
		8C81DD1821857EA700F47A31 /* NestedTableViewCell.swift in Sources */ = {isa = PBXBuildFile; fileRef = 8C81DD1621857EA600F47A31 /* NestedTableViewCell.swift */; };
		8C81DD1A21857FE300F47A31 /* MangaDetailChaptersViewController.swift in Sources */ = {isa = PBXBuildFile; fileRef = 8C81DD1921857FE300F47A31 /* MangaDetailChaptersViewController.swift */; };
		8C81DD1C21857FFE00F47A31 /* MangaDetailInfoViewController.swift in Sources */ = {isa = PBXBuildFile; fileRef = 8C81DD1B21857FFE00F47A31 /* MangaDetailInfoViewController.swift */; };
		8C81DD2621873A9300F47A31 /* SharedPreferences.swift in Sources */ = {isa = PBXBuildFile; fileRef = 8C81DD2521873A9300F47A31 /* SharedPreferences.swift */; };
		8C81DD2821873B2100F47A31 /* MangaCache.swift in Sources */ = {isa = PBXBuildFile; fileRef = 8C81DD2721873B2100F47A31 /* MangaCache.swift */; };
		8C88E389209042FF004B54D9 /* SearchViewController.swift in Sources */ = {isa = PBXBuildFile; fileRef = 8C88E388209042FF004B54D9 /* SearchViewController.swift */; };
		8C88E38B209045A8004B54D9 /* MangaListCollectionViewCell.xib in Resources */ = {isa = PBXBuildFile; fileRef = 8C88E38A209045A8004B54D9 /* MangaListCollectionViewCell.xib */; };
		8C88E38D20905DD0004B54D9 /* mangaList.json in Resources */ = {isa = PBXBuildFile; fileRef = 8C88E38C20905DD0004B54D9 /* mangaList.json */; };
		8C8EAC7F206A141900803BD1 /* AppDelegate.swift in Sources */ = {isa = PBXBuildFile; fileRef = 8C8EAC7E206A141900803BD1 /* AppDelegate.swift */; };
		8C8EAC81206A141900803BD1 /* MangaListViewController.swift in Sources */ = {isa = PBXBuildFile; fileRef = 8C8EAC80206A141900803BD1 /* MangaListViewController.swift */; };
		8C8EAC84206A141900803BD1 /* Main.storyboard in Resources */ = {isa = PBXBuildFile; fileRef = 8C8EAC82206A141900803BD1 /* Main.storyboard */; };
		8C8EAC89206A141900803BD1 /* LaunchScreen.storyboard in Resources */ = {isa = PBXBuildFile; fileRef = 8C8EAC87206A141900803BD1 /* LaunchScreen.storyboard */; };
		8C904D772085D1BB00A599E9 /* MangaListCollectionViewCell.swift in Sources */ = {isa = PBXBuildFile; fileRef = 8C904D762085D1BB00A599E9 /* MangaListCollectionViewCell.swift */; };
		8C904D792085F78300A599E9 /* Manga.swift in Sources */ = {isa = PBXBuildFile; fileRef = 8C904D782085F78300A599E9 /* Manga.swift */; };
		8C904D7D2086017100A599E9 /* EdenChapter.swift in Sources */ = {isa = PBXBuildFile; fileRef = 8C904D7C2086017100A599E9 /* EdenChapter.swift */; };
		8C904D7F2087892500A599E9 /* MangaDetailViewController.swift in Sources */ = {isa = PBXBuildFile; fileRef = 8C904D7E2087892500A599E9 /* MangaDetailViewController.swift */; };
		8C904D822088783000A599E9 /* EdenChapterDetailResponse.swift in Sources */ = {isa = PBXBuildFile; fileRef = 8C904D812088783000A599E9 /* EdenChapterDetailResponse.swift */; };
		8C904D84208878E100A599E9 /* ChapterImage.swift in Sources */ = {isa = PBXBuildFile; fileRef = 8C904D83208878E100A599E9 /* ChapterImage.swift */; };
		8C904D8620887D4800A599E9 /* ChapterReadViewController.swift in Sources */ = {isa = PBXBuildFile; fileRef = 8C904D8520887D4800A599E9 /* ChapterReadViewController.swift */; };
		8C904D892088BB7F00A599E9 /* ImagePageViewController.swift in Sources */ = {isa = PBXBuildFile; fileRef = 8C904D882088BB7F00A599E9 /* ImagePageViewController.swift */; };
		8C96735B21679AA200DE5D69 /* MangaEndpoint.swift in Sources */ = {isa = PBXBuildFile; fileRef = 8C96735A21679AA200DE5D69 /* MangaEndpoint.swift */; };
		8C96735D2167BEA700DE5D69 /* CodableValue.swift in Sources */ = {isa = PBXBuildFile; fileRef = 8C96735C2167BEA700DE5D69 /* CodableValue.swift */; };
		8C96736021686A5D00DE5D69 /* UIViewController+Loading.swift in Sources */ = {isa = PBXBuildFile; fileRef = 8C96735F21686A5D00DE5D69 /* UIViewController+Loading.swift */; };
		8C96736321686F0600DE5D69 /* EdenMangaListViewModel.swift in Sources */ = {isa = PBXBuildFile; fileRef = 8C96736221686F0600DE5D69 /* EdenMangaListViewModel.swift */; };
		8C967367216911EA00DE5D69 /* DataManager.swift in Sources */ = {isa = PBXBuildFile; fileRef = 8C967366216911EA00DE5D69 /* DataManager.swift */; };
		8C9673692169135A00DE5D69 /* CategoryNamesResponse.swift in Sources */ = {isa = PBXBuildFile; fileRef = 8C9673682169135A00DE5D69 /* CategoryNamesResponse.swift */; };
		8C96736C216915D700DE5D69 /* Utility.swift in Sources */ = {isa = PBXBuildFile; fileRef = 8C96736B216915D700DE5D69 /* Utility.swift */; };
		8C96736E2169175100DE5D69 /* UIViewController+Extra.swift in Sources */ = {isa = PBXBuildFile; fileRef = 8C96736D2169175100DE5D69 /* UIViewController+Extra.swift */; };
		8C967370216918D800DE5D69 /* GenresListViewModel.swift in Sources */ = {isa = PBXBuildFile; fileRef = 8C96736F216918D800DE5D69 /* GenresListViewModel.swift */; };
		8C9673722169217700DE5D69 /* SensitiveData.swift in Sources */ = {isa = PBXBuildFile; fileRef = 8C9673712169217700DE5D69 /* SensitiveData.swift */; };
		8C9673742169C7B300DE5D69 /* BaseSearchViewModel.swift in Sources */ = {isa = PBXBuildFile; fileRef = 8C9673732169C7B300DE5D69 /* BaseSearchViewModel.swift */; };
		8C967377216A32C700DE5D69 /* EdenMangaDetailViewModel.swift in Sources */ = {isa = PBXBuildFile; fileRef = 8C967376216A32C700DE5D69 /* EdenMangaDetailViewModel.swift */; };
		8C96737B216A5AF300DE5D69 /* MangaDetailHeaderCellModel.swift in Sources */ = {isa = PBXBuildFile; fileRef = 8C96737A216A5AF300DE5D69 /* MangaDetailHeaderCellModel.swift */; };
		8C96737D216A5B1A00DE5D69 /* MangaListCollectionCellViewModel.swift in Sources */ = {isa = PBXBuildFile; fileRef = 8C96737C216A5B1A00DE5D69 /* MangaListCollectionCellViewModel.swift */; };
		8C96737F216AD96400DE5D69 /* EdenChapterReadViewModel.swift in Sources */ = {isa = PBXBuildFile; fileRef = 8C96737E216AD96400DE5D69 /* EdenChapterReadViewModel.swift */; };
		8C9673812172F61300DE5D69 /* BaseViewController.swift in Sources */ = {isa = PBXBuildFile; fileRef = 8C9673802172F61300DE5D69 /* BaseViewController.swift */; };
		8C96738321756F2700DE5D69 /* FavoritesViewModel.swift in Sources */ = {isa = PBXBuildFile; fileRef = 8C96738221756F2700DE5D69 /* FavoritesViewModel.swift */; };
		8C9673852178169E00DE5D69 /* RecentViewModel.swift in Sources */ = {isa = PBXBuildFile; fileRef = 8C9673842178169E00DE5D69 /* RecentViewModel.swift */; };
		8C96738721795B3A00DE5D69 /* SettingsViewModel.swift in Sources */ = {isa = PBXBuildFile; fileRef = 8C96738621795B3A00DE5D69 /* SettingsViewModel.swift */; };
		8C96738B217964D200DE5D69 /* ThemeManager.swift in Sources */ = {isa = PBXBuildFile; fileRef = 8C96738A217964D200DE5D69 /* ThemeManager.swift */; };
		8C96738D2179664800DE5D69 /* Notification+Name.swift in Sources */ = {isa = PBXBuildFile; fileRef = 8C96738C2179664800DE5D69 /* Notification+Name.swift */; };
		8C96738F217C51F500DE5D69 /* Color+Utilities.swift in Sources */ = {isa = PBXBuildFile; fileRef = 8C96738E217C51F500DE5D69 /* Color+Utilities.swift */; };
		8C967392217C6ED200DE5D69 /* BetterRefreshControl.swift in Sources */ = {isa = PBXBuildFile; fileRef = 8C967391217C6ED200DE5D69 /* BetterRefreshControl.swift */; };
		8CA66E47208FFFF10014DB39 /* Constants.swift in Sources */ = {isa = PBXBuildFile; fileRef = 8CA66E46208FFFF10014DB39 /* Constants.swift */; };
		8CC9E3A321A3004D0098E505 /* CollectionReaderView.swift in Sources */ = {isa = PBXBuildFile; fileRef = 8CC9E3A221A3004D0098E505 /* CollectionReaderView.swift */; };
		8CC9E3AA21A593F30098E505 /* SettingSelectCell.swift in Sources */ = {isa = PBXBuildFile; fileRef = 8CC9E3A821A593F30098E505 /* SettingSelectCell.swift */; };
		8CC9E3AB21A593F30098E505 /* SettingSelectCell.xib in Resources */ = {isa = PBXBuildFile; fileRef = 8CC9E3A921A593F30098E505 /* SettingSelectCell.xib */; };
		8CC9E3AD21A5A40F0098E505 /* Bundle+Extension.swift in Sources */ = {isa = PBXBuildFile; fileRef = 8CC9E3AC21A5A40F0098E505 /* Bundle+Extension.swift */; };
		8CC9E3B121A5AA990098E505 /* ReaderSettingsPopupViewController.swift in Sources */ = {isa = PBXBuildFile; fileRef = 8CC9E3B021A5AA990098E505 /* ReaderSettingsPopupViewController.swift */; };
		8CC9E45B21BC044B0098E505 /* LamaTopicResponse.swift in Sources */ = {isa = PBXBuildFile; fileRef = 8CC9E45A21BC044B0098E505 /* LamaTopicResponse.swift */; };
		8CC9E45D21BC06200098E505 /* LamaApiTests.swift in Sources */ = {isa = PBXBuildFile; fileRef = 8CC9E45C21BC06200098E505 /* LamaApiTests.swift */; };
		8CC9E46021BC14730098E505 /* MangaDetailViewModelProtocol.swift in Sources */ = {isa = PBXBuildFile; fileRef = 8CC9E45F21BC14720098E505 /* MangaDetailViewModelProtocol.swift */; };
		8CC9E46221BCC00D0098E505 /* LamaChapterResponse.swift in Sources */ = {isa = PBXBuildFile; fileRef = 8CC9E46121BCC00D0098E505 /* LamaChapterResponse.swift */; };
		8CC9E46421BCC5A50098E505 /* LamaChapter.swift in Sources */ = {isa = PBXBuildFile; fileRef = 8CC9E46321BCC5A50098E505 /* LamaChapter.swift */; };
		8CCEADA921A127C5005FC3B9 /* ReaderViewProtocol.swift in Sources */ = {isa = PBXBuildFile; fileRef = 8CCEADA821A127C5005FC3B9 /* ReaderViewProtocol.swift */; };
		8CCEADAB21A127F6005FC3B9 /* PageReaderView.swift in Sources */ = {isa = PBXBuildFile; fileRef = 8CCEADAA21A127F6005FC3B9 /* PageReaderView.swift */; };
		8CCEADAD21A12CA1005FC3B9 /* ReaderViewPresenterProtocol.swift in Sources */ = {isa = PBXBuildFile; fileRef = 8CCEADAC21A12CA1005FC3B9 /* ReaderViewPresenterProtocol.swift */; };
		8CD878C120A16B4100E3B362 /* AdsManager.swift in Sources */ = {isa = PBXBuildFile; fileRef = 8CD878C020A16B4100E3B362 /* AdsManager.swift */; };
		8CD98FA320A52B23002C448F /* GuideView.swift in Sources */ = {isa = PBXBuildFile; fileRef = 8CD98FA220A52B23002C448F /* GuideView.swift */; };
		8CD98FA520A52B31002C448F /* GuideView.xib in Resources */ = {isa = PBXBuildFile; fileRef = 8CD98FA420A52B31002C448F /* GuideView.xib */; };
		8CF7EFAA208450D400E6AB6C /* MangaEdenApi.swift in Sources */ = {isa = PBXBuildFile; fileRef = 8CF7EFA9208450D400E6AB6C /* MangaEdenApi.swift */; };
		8CF7EFAD2084565000E6AB6C /* MangaListResponse.swift in Sources */ = {isa = PBXBuildFile; fileRef = 8CF7EFAC2084565000E6AB6C /* MangaListResponse.swift */; };
		D74D4AE10A063344E211FAFD /* Pods_mangaReader.framework in Frameworks */ = {isa = PBXBuildFile; fileRef = B2413CBD7973B09B0B8FBB6B /* Pods_mangaReader.framework */; };
/* End PBXBuildFile section */

/* Begin PBXContainerItemProxy section */
		8C3C8BFC21987492000F3FDD /* PBXContainerItemProxy */ = {
			isa = PBXContainerItemProxy;
			containerPortal = 8C8EAC73206A141900803BD1 /* Project object */;
			proxyType = 1;
			remoteGlobalIDString = 8C8EAC7A206A141900803BD1;
			remoteInfo = mangaReader;
		};
/* End PBXContainerItemProxy section */

/* Begin PBXFileReference section */
		1A55816C541577B20C9EA282 /* Pods-mangaReader.debug.xcconfig */ = {isa = PBXFileReference; includeInIndex = 1; lastKnownFileType = text.xcconfig; name = "Pods-mangaReader.debug.xcconfig"; path = "Pods/Target Support Files/Pods-mangaReader/Pods-mangaReader.debug.xcconfig"; sourceTree = "<group>"; };
		308E8E4C21C8826A000F7F63 /* LamaTagSuggestionResponse.swift */ = {isa = PBXFileReference; lastKnownFileType = sourcecode.swift; path = LamaTagSuggestionResponse.swift; sourceTree = "<group>"; };
		30F4340221C4C12B0078E01C /* LamaSearchResponse.swift */ = {isa = PBXFileReference; lastKnownFileType = sourcecode.swift; path = LamaSearchResponse.swift; sourceTree = "<group>"; };
		30F4340421C4CD950078E01C /* EdenSearchViewModel.swift */ = {isa = PBXFileReference; lastKnownFileType = sourcecode.swift; path = EdenSearchViewModel.swift; sourceTree = "<group>"; };
		30F4340621C4CF010078E01C /* LamaSearchViewModel.swift */ = {isa = PBXFileReference; lastKnownFileType = sourcecode.swift; path = LamaSearchViewModel.swift; sourceTree = "<group>"; };
		30F4340821C4D7750078E01C /* CustomRequestAdapter.swift */ = {isa = PBXFileReference; lastKnownFileType = sourcecode.swift; path = CustomRequestAdapter.swift; sourceTree = "<group>"; };
		65171A2F5A9EBB700F64B9D3 /* Pods-mangaReader.release.xcconfig */ = {isa = PBXFileReference; includeInIndex = 1; lastKnownFileType = text.xcconfig; name = "Pods-mangaReader.release.xcconfig"; path = "Pods/Target Support Files/Pods-mangaReader/Pods-mangaReader.release.xcconfig"; sourceTree = "<group>"; };
		8C16A8CC20A1256C009D5692 /* zh-Hans */ = {isa = PBXFileReference; lastKnownFileType = text.plist.strings; name = "zh-Hans"; path = "zh-Hans.lproj/Main.strings"; sourceTree = "<group>"; };
		8C16A8D020A12DAC009D5692 /* en */ = {isa = PBXFileReference; lastKnownFileType = text.plist.strings; name = en; path = en.lproj/Localizable.strings; sourceTree = "<group>"; };
		8C16A8D220A12DAF009D5692 /* zh-Hans */ = {isa = PBXFileReference; lastKnownFileType = text.plist.strings; name = "zh-Hans"; path = "zh-Hans.lproj/Localizable.strings"; sourceTree = "<group>"; };
		8C16A8E120A1329B009D5692 /* MangaDetailHeaderTableViewCell.xib */ = {isa = PBXFileReference; fileEncoding = 4; lastKnownFileType = file.xib; path = MangaDetailHeaderTableViewCell.xib; sourceTree = "<group>"; };
		8C16A8E620A134CD009D5692 /* en */ = {isa = PBXFileReference; lastKnownFileType = text.plist.strings; name = en; path = en.lproj/InfoPlist.strings; sourceTree = "<group>"; };
		8C16A8E820A134CE009D5692 /* zh-Hans */ = {isa = PBXFileReference; lastKnownFileType = text.plist.strings; name = "zh-Hans"; path = "zh-Hans.lproj/InfoPlist.strings"; sourceTree = "<group>"; };
		8C2250042092E1BD00C8E160 /* SettingsViewController.swift */ = {isa = PBXFileReference; lastKnownFileType = sourcecode.swift; path = SettingsViewController.swift; sourceTree = "<group>"; };
		8C39477E208E1AB900344FCF /* FavoriteManga.swift */ = {isa = PBXFileReference; lastKnownFileType = sourcecode.swift; path = FavoriteManga.swift; sourceTree = "<group>"; };
		8C394780208E2AA200344FCF /* Document.txt */ = {isa = PBXFileReference; lastKnownFileType = text; path = Document.txt; sourceTree = "<group>"; };
		8C3C8BD32196B366000F3FDD /* NetworkManager.swift */ = {isa = PBXFileReference; lastKnownFileType = sourcecode.swift; path = NetworkManager.swift; sourceTree = "<group>"; };
		8C3C8BD52196B3F5000F3FDD /* LamaApi.swift */ = {isa = PBXFileReference; lastKnownFileType = sourcecode.swift; path = LamaApi.swift; sourceTree = "<group>"; };
		8C3C8BD72196B40D000F3FDD /* LamaEndpoint.swift */ = {isa = PBXFileReference; lastKnownFileType = sourcecode.swift; path = LamaEndpoint.swift; sourceTree = "<group>"; };
		8C3C8BDC2196B794000F3FDD /* LamaDailyResponse.swift */ = {isa = PBXFileReference; lastKnownFileType = sourcecode.swift; path = LamaDailyResponse.swift; sourceTree = "<group>"; };
		8C3C8BE12196B842000F3FDD /* LamaComic.swift */ = {isa = PBXFileReference; lastKnownFileType = sourcecode.swift; path = LamaComic.swift; sourceTree = "<group>"; };
		8C3C8BE32196B8A8000F3FDD /* LamaTopic.swift */ = {isa = PBXFileReference; lastKnownFileType = sourcecode.swift; path = LamaTopic.swift; sourceTree = "<group>"; };
		8C3C8BE62196BBC0000F3FDD /* LamaMangaListViewModel.swift */ = {isa = PBXFileReference; lastKnownFileType = sourcecode.swift; path = LamaMangaListViewModel.swift; sourceTree = "<group>"; };
		8C3C8BE92196BC60000F3FDD /* MangaProtocol.swift */ = {isa = PBXFileReference; lastKnownFileType = sourcecode.swift; path = MangaProtocol.swift; sourceTree = "<group>"; };
		8C3C8BEB2197D76D000F3FDD /* MangaListViewModelProtocol.swift */ = {isa = PBXFileReference; lastKnownFileType = sourcecode.swift; path = MangaListViewModelProtocol.swift; sourceTree = "<group>"; };
		8C3C8BED21980C1B000F3FDD /* FSInjector.swift */ = {isa = PBXFileReference; fileEncoding = 4; lastKnownFileType = sourcecode.swift; path = FSInjector.swift; sourceTree = "<group>"; };
		8C3C8BEF21980E2C000F3FDD /* MangaSource.swift */ = {isa = PBXFileReference; lastKnownFileType = sourcecode.swift; path = MangaSource.swift; sourceTree = "<group>"; };
		8C3C8BF1219871A1000F3FDD /* ReportBadResponse.swift */ = {isa = PBXFileReference; lastKnownFileType = sourcecode.swift; path = ReportBadResponse.swift; sourceTree = "<group>"; };
		8C3C8BF721987492000F3FDD /* mangaReaderTests.xctest */ = {isa = PBXFileReference; explicitFileType = wrapper.cfbundle; includeInIndex = 0; path = mangaReaderTests.xctest; sourceTree = BUILT_PRODUCTS_DIR; };
		8C3C8BF921987492000F3FDD /* MangaEdenApiTests.swift */ = {isa = PBXFileReference; lastKnownFileType = sourcecode.swift; path = MangaEdenApiTests.swift; sourceTree = "<group>"; };
		8C3C8BFB21987492000F3FDD /* Info.plist */ = {isa = PBXFileReference; lastKnownFileType = text.plist.xml; path = Info.plist; sourceTree = "<group>"; };
		8C3C8C012199BD76000F3FDD /* LamaTopicsResponse.swift */ = {isa = PBXFileReference; lastKnownFileType = sourcecode.swift; path = LamaTopicsResponse.swift; sourceTree = "<group>"; };
		8C4EFCDD208CD0B5007D342C /* MangaDetailHeaderTableViewCell.swift */ = {isa = PBXFileReference; lastKnownFileType = sourcecode.swift; path = MangaDetailHeaderTableViewCell.swift; sourceTree = "<group>"; };
		8C4EFCE1208D47DE007D342C /* MangaDetailTabView.swift */ = {isa = PBXFileReference; lastKnownFileType = sourcecode.swift; path = MangaDetailTabView.swift; sourceTree = "<group>"; };
		8C4EFCE3208DA61D007D342C /* MangaDetailTableViewCell.swift */ = {isa = PBXFileReference; lastKnownFileType = sourcecode.swift; path = MangaDetailTableViewCell.swift; sourceTree = "<group>"; };
		8C58A54E208EAD4100FF71B2 /* MangaCurrentChapter.swift */ = {isa = PBXFileReference; lastKnownFileType = sourcecode.swift; path = MangaCurrentChapter.swift; sourceTree = "<group>"; };
		8C5E78E721BCE36500754DAB /* ChapterProtocol.swift */ = {isa = PBXFileReference; lastKnownFileType = sourcecode.swift; path = ChapterProtocol.swift; sourceTree = "<group>"; };
		8C5E78E921BCE59C00754DAB /* EdenChapterDetail.swift */ = {isa = PBXFileReference; lastKnownFileType = sourcecode.swift; path = EdenChapterDetail.swift; sourceTree = "<group>"; };
		8C5E78EB21BCF59900754DAB /* ImagePageView.swift */ = {isa = PBXFileReference; lastKnownFileType = sourcecode.swift; path = ImagePageView.swift; sourceTree = "<group>"; };
		8C5E78ED21BCFB2500754DAB /* ImagePageViewCell.swift */ = {isa = PBXFileReference; lastKnownFileType = sourcecode.swift; path = ImagePageViewCell.swift; sourceTree = "<group>"; };
		8C5E78EE21BCFB2500754DAB /* ImagePageViewCell.xib */ = {isa = PBXFileReference; lastKnownFileType = file.xib; path = ImagePageViewCell.xib; sourceTree = "<group>"; };
		8C5E78F121BCFC0A00754DAB /* ImagePageViewCollectionCell.swift */ = {isa = PBXFileReference; lastKnownFileType = sourcecode.swift; path = ImagePageViewCollectionCell.swift; sourceTree = "<group>"; };
		8C5E78F221BCFC0B00754DAB /* ImagePageViewCollectionCell.xib */ = {isa = PBXFileReference; lastKnownFileType = file.xib; path = ImagePageViewCollectionCell.xib; sourceTree = "<group>"; };
		8C5E78F521BD026200754DAB /* UICollectionView+Helper.swift */ = {isa = PBXFileReference; lastKnownFileType = sourcecode.swift; path = "UICollectionView+Helper.swift"; sourceTree = "<group>"; };
		8C5E78F721BEAEBD00754DAB /* LamaMangaDetailViewModel.swift */ = {isa = PBXFileReference; lastKnownFileType = sourcecode.swift; path = LamaMangaDetailViewModel.swift; sourceTree = "<group>"; };
		8C5E78F921BEBAFB00754DAB /* BaseMangaDetailViewModel.swift */ = {isa = PBXFileReference; lastKnownFileType = sourcecode.swift; path = BaseMangaDetailViewModel.swift; sourceTree = "<group>"; };
		8C5E78FC21C0081300754DAB /* ChapterDetailProtocol.swift */ = {isa = PBXFileReference; lastKnownFileType = sourcecode.swift; path = ChapterDetailProtocol.swift; sourceTree = "<group>"; };
		8C5E790121C1538300754DAB /* BaseChapterReadViewModel.swift */ = {isa = PBXFileReference; lastKnownFileType = sourcecode.swift; path = BaseChapterReadViewModel.swift; sourceTree = "<group>"; };
		8C5E790321C1570200754DAB /* LamaChapterReadViewModel.swift */ = {isa = PBXFileReference; lastKnownFileType = sourcecode.swift; path = LamaChapterReadViewModel.swift; sourceTree = "<group>"; };
		8C5E790921CE707000754DAB /* CategoryProtocol.swift */ = {isa = PBXFileReference; lastKnownFileType = sourcecode.swift; path = CategoryProtocol.swift; sourceTree = "<group>"; };
		8C5E790B21CE70A800754DAB /* EdenCategory.swift */ = {isa = PBXFileReference; lastKnownFileType = sourcecode.swift; path = EdenCategory.swift; sourceTree = "<group>"; };
		8C5E790D21D33BE900754DAB /* CategoryRefresherProtocol.swift */ = {isa = PBXFileReference; lastKnownFileType = sourcecode.swift; path = CategoryRefresherProtocol.swift; sourceTree = "<group>"; };
		8C5E790F21D33F5700754DAB /* LamaCategory.swift */ = {isa = PBXFileReference; lastKnownFileType = sourcecode.swift; path = LamaCategory.swift; sourceTree = "<group>"; };
		8C5E791121D46E3600754DAB /* MangaDownloadViewController.swift */ = {isa = PBXFileReference; lastKnownFileType = sourcecode.swift; path = MangaDownloadViewController.swift; sourceTree = "<group>"; };
		8C5E791321D4B8BF00754DAB /* DownloadManager.swift */ = {isa = PBXFileReference; lastKnownFileType = sourcecode.swift; path = DownloadManager.swift; sourceTree = "<group>"; };
		8C5EA97020F0AF09007E8A7D /* ConsentManager.swift */ = {isa = PBXFileReference; fileEncoding = 4; lastKnownFileType = sourcecode.swift; path = ConsentManager.swift; sourceTree = "<group>"; };
		8C60C95D2092E5AA0069EFDB /* GenresListViewController.swift */ = {isa = PBXFileReference; lastKnownFileType = sourcecode.swift; path = GenresListViewController.swift; sourceTree = "<group>"; };
		8C60C95F209414350069EFDB /* FavoritesViewController.swift */ = {isa = PBXFileReference; lastKnownFileType = sourcecode.swift; path = FavoritesViewController.swift; sourceTree = "<group>"; };
		8C60C961209427920069EFDB /* Assets.xcassets */ = {isa = PBXFileReference; lastKnownFileType = folder.assetcatalog; path = Assets.xcassets; sourceTree = "<group>"; };
		8C60C963209428380069EFDB /* EmptyInfoView.swift */ = {isa = PBXFileReference; lastKnownFileType = sourcecode.swift; path = EmptyInfoView.swift; sourceTree = "<group>"; };
		8C60C9652094A4FE0069EFDB /* RecentManga.swift */ = {isa = PBXFileReference; lastKnownFileType = sourcecode.swift; path = RecentManga.swift; sourceTree = "<group>"; };
		8C60C9672094A8B20069EFDB /* RecentViewController.swift */ = {isa = PBXFileReference; lastKnownFileType = sourcecode.swift; path = RecentViewController.swift; sourceTree = "<group>"; };
		8C81DCE82180C0A900F47A31 /* SF-Pro-Text-Regular.otf */ = {isa = PBXFileReference; lastKnownFileType = file; path = "SF-Pro-Text-Regular.otf"; sourceTree = "<group>"; };
		8C81DCE92180C0A900F47A31 /* Radomir Tinkov - Gilroy-SemiBold.otf */ = {isa = PBXFileReference; lastKnownFileType = file; path = "Radomir Tinkov - Gilroy-SemiBold.otf"; sourceTree = "<group>"; };
		8C81DCEC2180C0EF00F47A31 /* Font+Custom.swift */ = {isa = PBXFileReference; lastKnownFileType = sourcecode.swift; path = "Font+Custom.swift"; sourceTree = "<group>"; };
		8C81DCEE2180D43600F47A31 /* NSAttributedString+Helper.swift */ = {isa = PBXFileReference; fileEncoding = 4; lastKnownFileType = sourcecode.swift; path = "NSAttributedString+Helper.swift"; sourceTree = "<group>"; };
		8C81DCF02180DC8200F47A31 /* UITableView+Helper.swift */ = {isa = PBXFileReference; lastKnownFileType = sourcecode.swift; path = "UITableView+Helper.swift"; sourceTree = "<group>"; };
		8C81DD1521857EA600F47A31 /* NestedTableViewCell.xib */ = {isa = PBXFileReference; fileEncoding = 4; lastKnownFileType = file.xib; path = NestedTableViewCell.xib; sourceTree = "<group>"; };
		8C81DD1621857EA600F47A31 /* NestedTableViewCell.swift */ = {isa = PBXFileReference; fileEncoding = 4; lastKnownFileType = sourcecode.swift; path = NestedTableViewCell.swift; sourceTree = "<group>"; };
		8C81DD1921857FE300F47A31 /* MangaDetailChaptersViewController.swift */ = {isa = PBXFileReference; lastKnownFileType = sourcecode.swift; path = MangaDetailChaptersViewController.swift; sourceTree = "<group>"; };
		8C81DD1B21857FFE00F47A31 /* MangaDetailInfoViewController.swift */ = {isa = PBXFileReference; lastKnownFileType = sourcecode.swift; path = MangaDetailInfoViewController.swift; sourceTree = "<group>"; };
		8C81DD2521873A9300F47A31 /* SharedPreferences.swift */ = {isa = PBXFileReference; lastKnownFileType = sourcecode.swift; path = SharedPreferences.swift; sourceTree = "<group>"; };
		8C81DD2721873B2100F47A31 /* MangaCache.swift */ = {isa = PBXFileReference; lastKnownFileType = sourcecode.swift; path = MangaCache.swift; sourceTree = "<group>"; };
		8C88E388209042FF004B54D9 /* SearchViewController.swift */ = {isa = PBXFileReference; lastKnownFileType = sourcecode.swift; path = SearchViewController.swift; sourceTree = "<group>"; };
		8C88E38A209045A8004B54D9 /* MangaListCollectionViewCell.xib */ = {isa = PBXFileReference; lastKnownFileType = file.xib; path = MangaListCollectionViewCell.xib; sourceTree = "<group>"; };
		8C88E38C20905DD0004B54D9 /* mangaList.json */ = {isa = PBXFileReference; fileEncoding = 4; lastKnownFileType = text.json; path = mangaList.json; sourceTree = "<group>"; };
		8C8EAC7B206A141900803BD1 /* mangaReader.app */ = {isa = PBXFileReference; explicitFileType = wrapper.application; includeInIndex = 0; path = mangaReader.app; sourceTree = BUILT_PRODUCTS_DIR; };
		8C8EAC7E206A141900803BD1 /* AppDelegate.swift */ = {isa = PBXFileReference; lastKnownFileType = sourcecode.swift; path = AppDelegate.swift; sourceTree = "<group>"; };
		8C8EAC80206A141900803BD1 /* MangaListViewController.swift */ = {isa = PBXFileReference; lastKnownFileType = sourcecode.swift; path = MangaListViewController.swift; sourceTree = "<group>"; };
		8C8EAC83206A141900803BD1 /* Base */ = {isa = PBXFileReference; lastKnownFileType = file.storyboard; name = Base; path = Base.lproj/Main.storyboard; sourceTree = "<group>"; };
		8C8EAC88206A141900803BD1 /* Base */ = {isa = PBXFileReference; lastKnownFileType = file.storyboard; name = Base; path = Base.lproj/LaunchScreen.storyboard; sourceTree = "<group>"; };
		8C8EAC8A206A141A00803BD1 /* Info.plist */ = {isa = PBXFileReference; lastKnownFileType = text.plist.xml; path = Info.plist; sourceTree = "<group>"; };
		8C904D762085D1BB00A599E9 /* MangaListCollectionViewCell.swift */ = {isa = PBXFileReference; lastKnownFileType = sourcecode.swift; path = MangaListCollectionViewCell.swift; sourceTree = "<group>"; };
		8C904D782085F78300A599E9 /* Manga.swift */ = {isa = PBXFileReference; lastKnownFileType = sourcecode.swift; path = Manga.swift; sourceTree = "<group>"; };
		8C904D7C2086017100A599E9 /* EdenChapter.swift */ = {isa = PBXFileReference; lastKnownFileType = sourcecode.swift; path = EdenChapter.swift; sourceTree = "<group>"; };
		8C904D7E2087892500A599E9 /* MangaDetailViewController.swift */ = {isa = PBXFileReference; lastKnownFileType = sourcecode.swift; path = MangaDetailViewController.swift; sourceTree = "<group>"; };
		8C904D812088783000A599E9 /* EdenChapterDetailResponse.swift */ = {isa = PBXFileReference; lastKnownFileType = sourcecode.swift; path = EdenChapterDetailResponse.swift; sourceTree = "<group>"; };
		8C904D83208878E100A599E9 /* ChapterImage.swift */ = {isa = PBXFileReference; lastKnownFileType = sourcecode.swift; path = ChapterImage.swift; sourceTree = "<group>"; };
		8C904D8520887D4800A599E9 /* ChapterReadViewController.swift */ = {isa = PBXFileReference; lastKnownFileType = sourcecode.swift; path = ChapterReadViewController.swift; sourceTree = "<group>"; };
		8C904D882088BB7F00A599E9 /* ImagePageViewController.swift */ = {isa = PBXFileReference; lastKnownFileType = sourcecode.swift; path = ImagePageViewController.swift; sourceTree = "<group>"; };
		8C9673572167926500DE5D69 /* zh-Hans */ = {isa = PBXFileReference; lastKnownFileType = text.plist.strings; name = "zh-Hans"; path = "zh-Hans.lproj/MangaDetailTableViewCell.strings"; sourceTree = "<group>"; };
		8C9673582167926900DE5D69 /* Base */ = {isa = PBXFileReference; lastKnownFileType = file.xib; name = Base; path = Base.lproj/MangaDetailTableViewCell.xib; sourceTree = "<group>"; };
		8C96735A21679AA200DE5D69 /* MangaEndpoint.swift */ = {isa = PBXFileReference; lastKnownFileType = sourcecode.swift; path = MangaEndpoint.swift; sourceTree = "<group>"; };
		8C96735C2167BEA700DE5D69 /* CodableValue.swift */ = {isa = PBXFileReference; lastKnownFileType = sourcecode.swift; path = CodableValue.swift; sourceTree = "<group>"; };
		8C96735F21686A5D00DE5D69 /* UIViewController+Loading.swift */ = {isa = PBXFileReference; lastKnownFileType = sourcecode.swift; path = "UIViewController+Loading.swift"; sourceTree = "<group>"; };
		8C96736221686F0600DE5D69 /* EdenMangaListViewModel.swift */ = {isa = PBXFileReference; lastKnownFileType = sourcecode.swift; path = EdenMangaListViewModel.swift; sourceTree = "<group>"; };
		8C967366216911EA00DE5D69 /* DataManager.swift */ = {isa = PBXFileReference; lastKnownFileType = sourcecode.swift; path = DataManager.swift; sourceTree = "<group>"; };
		8C9673682169135A00DE5D69 /* CategoryNamesResponse.swift */ = {isa = PBXFileReference; lastKnownFileType = sourcecode.swift; path = CategoryNamesResponse.swift; sourceTree = "<group>"; };
		8C96736B216915D700DE5D69 /* Utility.swift */ = {isa = PBXFileReference; lastKnownFileType = sourcecode.swift; path = Utility.swift; sourceTree = "<group>"; };
		8C96736D2169175100DE5D69 /* UIViewController+Extra.swift */ = {isa = PBXFileReference; lastKnownFileType = sourcecode.swift; path = "UIViewController+Extra.swift"; sourceTree = "<group>"; };
		8C96736F216918D800DE5D69 /* GenresListViewModel.swift */ = {isa = PBXFileReference; lastKnownFileType = sourcecode.swift; path = GenresListViewModel.swift; sourceTree = "<group>"; };
		8C9673712169217700DE5D69 /* SensitiveData.swift */ = {isa = PBXFileReference; lastKnownFileType = sourcecode.swift; path = SensitiveData.swift; sourceTree = "<group>"; };
		8C9673732169C7B300DE5D69 /* BaseSearchViewModel.swift */ = {isa = PBXFileReference; lastKnownFileType = sourcecode.swift; path = BaseSearchViewModel.swift; sourceTree = "<group>"; };
		8C967376216A32C700DE5D69 /* EdenMangaDetailViewModel.swift */ = {isa = PBXFileReference; lastKnownFileType = sourcecode.swift; path = EdenMangaDetailViewModel.swift; sourceTree = "<group>"; };
		8C96737A216A5AF300DE5D69 /* MangaDetailHeaderCellModel.swift */ = {isa = PBXFileReference; lastKnownFileType = sourcecode.swift; path = MangaDetailHeaderCellModel.swift; sourceTree = "<group>"; };
		8C96737C216A5B1A00DE5D69 /* MangaListCollectionCellViewModel.swift */ = {isa = PBXFileReference; lastKnownFileType = sourcecode.swift; path = MangaListCollectionCellViewModel.swift; sourceTree = "<group>"; };
		8C96737E216AD96400DE5D69 /* EdenChapterReadViewModel.swift */ = {isa = PBXFileReference; lastKnownFileType = sourcecode.swift; path = EdenChapterReadViewModel.swift; sourceTree = "<group>"; };
		8C9673802172F61300DE5D69 /* BaseViewController.swift */ = {isa = PBXFileReference; lastKnownFileType = sourcecode.swift; path = BaseViewController.swift; sourceTree = "<group>"; };
		8C96738221756F2700DE5D69 /* FavoritesViewModel.swift */ = {isa = PBXFileReference; lastKnownFileType = sourcecode.swift; path = FavoritesViewModel.swift; sourceTree = "<group>"; };
		8C9673842178169E00DE5D69 /* RecentViewModel.swift */ = {isa = PBXFileReference; lastKnownFileType = sourcecode.swift; path = RecentViewModel.swift; sourceTree = "<group>"; };
		8C96738621795B3A00DE5D69 /* SettingsViewModel.swift */ = {isa = PBXFileReference; lastKnownFileType = sourcecode.swift; path = SettingsViewModel.swift; sourceTree = "<group>"; };
		8C96738A217964D200DE5D69 /* ThemeManager.swift */ = {isa = PBXFileReference; lastKnownFileType = sourcecode.swift; path = ThemeManager.swift; sourceTree = "<group>"; };
		8C96738C2179664800DE5D69 /* Notification+Name.swift */ = {isa = PBXFileReference; lastKnownFileType = sourcecode.swift; path = "Notification+Name.swift"; sourceTree = "<group>"; };
		8C96738E217C51F500DE5D69 /* Color+Utilities.swift */ = {isa = PBXFileReference; fileEncoding = 4; lastKnownFileType = sourcecode.swift; path = "Color+Utilities.swift"; sourceTree = "<group>"; };
		8C967391217C6ED200DE5D69 /* BetterRefreshControl.swift */ = {isa = PBXFileReference; lastKnownFileType = sourcecode.swift; path = BetterRefreshControl.swift; sourceTree = "<group>"; };
		8CA66E46208FFFF10014DB39 /* Constants.swift */ = {isa = PBXFileReference; lastKnownFileType = sourcecode.swift; path = Constants.swift; sourceTree = "<group>"; };
		8CC9E3A221A3004D0098E505 /* CollectionReaderView.swift */ = {isa = PBXFileReference; lastKnownFileType = sourcecode.swift; path = CollectionReaderView.swift; sourceTree = "<group>"; };
		8CC9E3A821A593F30098E505 /* SettingSelectCell.swift */ = {isa = PBXFileReference; lastKnownFileType = sourcecode.swift; path = SettingSelectCell.swift; sourceTree = "<group>"; };
		8CC9E3A921A593F30098E505 /* SettingSelectCell.xib */ = {isa = PBXFileReference; lastKnownFileType = file.xib; path = SettingSelectCell.xib; sourceTree = "<group>"; };
		8CC9E3AC21A5A40F0098E505 /* Bundle+Extension.swift */ = {isa = PBXFileReference; lastKnownFileType = sourcecode.swift; path = "Bundle+Extension.swift"; sourceTree = "<group>"; };
		8CC9E3B021A5AA990098E505 /* ReaderSettingsPopupViewController.swift */ = {isa = PBXFileReference; lastKnownFileType = sourcecode.swift; path = ReaderSettingsPopupViewController.swift; sourceTree = "<group>"; };
		8CC9E45A21BC044B0098E505 /* LamaTopicResponse.swift */ = {isa = PBXFileReference; lastKnownFileType = sourcecode.swift; path = LamaTopicResponse.swift; sourceTree = "<group>"; };
		8CC9E45C21BC06200098E505 /* LamaApiTests.swift */ = {isa = PBXFileReference; lastKnownFileType = sourcecode.swift; path = LamaApiTests.swift; sourceTree = "<group>"; };
		8CC9E45F21BC14720098E505 /* MangaDetailViewModelProtocol.swift */ = {isa = PBXFileReference; lastKnownFileType = sourcecode.swift; path = MangaDetailViewModelProtocol.swift; sourceTree = "<group>"; };
		8CC9E46121BCC00D0098E505 /* LamaChapterResponse.swift */ = {isa = PBXFileReference; lastKnownFileType = sourcecode.swift; path = LamaChapterResponse.swift; sourceTree = "<group>"; };
		8CC9E46321BCC5A50098E505 /* LamaChapter.swift */ = {isa = PBXFileReference; lastKnownFileType = sourcecode.swift; path = LamaChapter.swift; sourceTree = "<group>"; };
		8CCEADA821A127C5005FC3B9 /* ReaderViewProtocol.swift */ = {isa = PBXFileReference; lastKnownFileType = sourcecode.swift; path = ReaderViewProtocol.swift; sourceTree = "<group>"; };
		8CCEADAA21A127F6005FC3B9 /* PageReaderView.swift */ = {isa = PBXFileReference; lastKnownFileType = sourcecode.swift; path = PageReaderView.swift; sourceTree = "<group>"; };
		8CCEADAC21A12CA1005FC3B9 /* ReaderViewPresenterProtocol.swift */ = {isa = PBXFileReference; lastKnownFileType = sourcecode.swift; path = ReaderViewPresenterProtocol.swift; sourceTree = "<group>"; };
		8CD878C020A16B4100E3B362 /* AdsManager.swift */ = {isa = PBXFileReference; fileEncoding = 4; lastKnownFileType = sourcecode.swift; path = AdsManager.swift; sourceTree = "<group>"; };
		8CD878EF20A17BFD00E3B362 /* mangaReader-Bridging-Header.h */ = {isa = PBXFileReference; lastKnownFileType = sourcecode.c.h; path = "mangaReader-Bridging-Header.h"; sourceTree = "<group>"; };
		8CD87B1F20A3E5B200E3B362 /* ja */ = {isa = PBXFileReference; lastKnownFileType = text.plist.strings; name = ja; path = ja.lproj/Main.strings; sourceTree = "<group>"; };
		8CD87B2020A3E5B200E3B362 /* ja */ = {isa = PBXFileReference; lastKnownFileType = text.plist.strings; name = ja; path = ja.lproj/InfoPlist.strings; sourceTree = "<group>"; };
		8CD87B2120A3E5B200E3B362 /* ja */ = {isa = PBXFileReference; lastKnownFileType = text.plist.strings; name = ja; path = ja.lproj/Localizable.strings; sourceTree = "<group>"; };
		8CD98FA220A52B23002C448F /* GuideView.swift */ = {isa = PBXFileReference; lastKnownFileType = sourcecode.swift; path = GuideView.swift; sourceTree = "<group>"; };
		8CD98FA420A52B31002C448F /* GuideView.xib */ = {isa = PBXFileReference; lastKnownFileType = file.xib; path = GuideView.xib; sourceTree = "<group>"; };
		8CF7EFA9208450D400E6AB6C /* MangaEdenApi.swift */ = {isa = PBXFileReference; lastKnownFileType = sourcecode.swift; path = MangaEdenApi.swift; sourceTree = "<group>"; };
		8CF7EFAC2084565000E6AB6C /* MangaListResponse.swift */ = {isa = PBXFileReference; lastKnownFileType = sourcecode.swift; path = MangaListResponse.swift; sourceTree = "<group>"; };
		B2413CBD7973B09B0B8FBB6B /* Pods_mangaReader.framework */ = {isa = PBXFileReference; explicitFileType = wrapper.framework; includeInIndex = 0; path = Pods_mangaReader.framework; sourceTree = BUILT_PRODUCTS_DIR; };
/* End PBXFileReference section */

/* Begin PBXFrameworksBuildPhase section */
		8C3C8BF421987492000F3FDD /* Frameworks */ = {
			isa = PBXFrameworksBuildPhase;
			buildActionMask = 2147483647;
			files = (
			);
			runOnlyForDeploymentPostprocessing = 0;
		};
		8C8EAC78206A141900803BD1 /* Frameworks */ = {
			isa = PBXFrameworksBuildPhase;
			buildActionMask = 2147483647;
			files = (
				D74D4AE10A063344E211FAFD /* Pods_mangaReader.framework in Frameworks */,
			);
			runOnlyForDeploymentPostprocessing = 0;
		};
/* End PBXFrameworksBuildPhase section */

/* Begin PBXGroup section */
		0E611F14384F8ADBC4EE0989 /* Pods */ = {
			isa = PBXGroup;
			children = (
				1A55816C541577B20C9EA282 /* Pods-mangaReader.debug.xcconfig */,
				65171A2F5A9EBB700F64B9D3 /* Pods-mangaReader.release.xcconfig */,
			);
			name = Pods;
			sourceTree = "<group>";
		};
		406A76AEB7A1B64FDCDD253C /* Frameworks */ = {
			isa = PBXGroup;
			children = (
				B2413CBD7973B09B0B8FBB6B /* Pods_mangaReader.framework */,
			);
			name = Frameworks;
			sourceTree = "<group>";
		};
		8C39477D208E1A6C00344FCF /* DataBaseModels */ = {
			isa = PBXGroup;
			children = (
				8C39477E208E1AB900344FCF /* FavoriteManga.swift */,
				8C60C9652094A4FE0069EFDB /* RecentManga.swift */,
				8C58A54E208EAD4100FF71B2 /* MangaCurrentChapter.swift */,
				8C967366216911EA00DE5D69 /* DataManager.swift */,
			);
			path = DataBaseModels;
			sourceTree = "<group>";
		};
		8C3C8BD12196B282000F3FDD /* MangaSources */ = {
			isa = PBXGroup;
			children = (
				8C5E790021C147D500754DAB /* Base */,
				8C3C8BED21980C1B000F3FDD /* FSInjector.swift */,
				8C3C8BEF21980E2C000F3FDD /* MangaSource.swift */,
				8C3C8BD22196B2B4000F3FDD /* Lama */,
				8CC9E45921BBCCA10098E505 /* MangaEden */,
				8C3C8BE82196BC44000F3FDD /* Protocols */,
			);
			path = MangaSources;
			sourceTree = "<group>";
		};
		8C3C8BD22196B2B4000F3FDD /* Lama */ = {
			isa = PBXGroup;
			children = (
				8C3C8BE52196BB9E000F3FDD /* ViewModels */,
				8C3C8BD92196B73A000F3FDD /* Models */,
				8C3C8BD52196B3F5000F3FDD /* LamaApi.swift */,
				8C3C8BD72196B40D000F3FDD /* LamaEndpoint.swift */,
			);
			path = Lama;
			sourceTree = "<group>";
		};
		8C3C8BD92196B73A000F3FDD /* Models */ = {
			isa = PBXGroup;
			children = (
				8C3C8BE02196B812000F3FDD /* ResponseModels */,
				8C3C8BE12196B842000F3FDD /* LamaComic.swift */,
				8C3C8BE32196B8A8000F3FDD /* LamaTopic.swift */,
				8CC9E46321BCC5A50098E505 /* LamaChapter.swift */,
				8C5E790F21D33F5700754DAB /* LamaCategory.swift */,
			);
			path = Models;
			sourceTree = "<group>";
		};
		8C3C8BE02196B812000F3FDD /* ResponseModels */ = {
			isa = PBXGroup;
			children = (
				8C3C8BDC2196B794000F3FDD /* LamaDailyResponse.swift */,
				8C3C8C012199BD76000F3FDD /* LamaTopicsResponse.swift */,
				8CC9E45A21BC044B0098E505 /* LamaTopicResponse.swift */,
				8CC9E46121BCC00D0098E505 /* LamaChapterResponse.swift */,
				30F4340221C4C12B0078E01C /* LamaSearchResponse.swift */,
				308E8E4C21C8826A000F7F63 /* LamaTagSuggestionResponse.swift */,
			);
			path = ResponseModels;
			sourceTree = "<group>";
		};
		8C3C8BE52196BB9E000F3FDD /* ViewModels */ = {
			isa = PBXGroup;
			children = (
				8C3C8BE62196BBC0000F3FDD /* LamaMangaListViewModel.swift */,
				8C5E78F721BEAEBD00754DAB /* LamaMangaDetailViewModel.swift */,
				8C5E790321C1570200754DAB /* LamaChapterReadViewModel.swift */,
				30F4340621C4CF010078E01C /* LamaSearchViewModel.swift */,
			);
			path = ViewModels;
			sourceTree = "<group>";
		};
		8C3C8BE82196BC44000F3FDD /* Protocols */ = {
			isa = PBXGroup;
			children = (
				8C3C8BE92196BC60000F3FDD /* MangaProtocol.swift */,
				8C3C8BEB2197D76D000F3FDD /* MangaListViewModelProtocol.swift */,
				8C5E78E721BCE36500754DAB /* ChapterProtocol.swift */,
				8C5E78FC21C0081300754DAB /* ChapterDetailProtocol.swift */,
				8C5E790921CE707000754DAB /* CategoryProtocol.swift */,
				8C5E790D21D33BE900754DAB /* CategoryRefresherProtocol.swift */,
				8C5E791321D4B8BF00754DAB /* DownloadManager.swift */,
			);
			path = Protocols;
			sourceTree = "<group>";
		};
		8C3C8BF821987492000F3FDD /* mangaReaderTests */ = {
			isa = PBXGroup;
			children = (
				8C3C8BFB21987492000F3FDD /* Info.plist */,
				8C3C8BF921987492000F3FDD /* MangaEdenApiTests.swift */,
				8CC9E45C21BC06200098E505 /* LamaApiTests.swift */,
			);
			path = mangaReaderTests;
			sourceTree = "<group>";
		};
		8C5E78E621BCE34100754DAB /* Models */ = {
			isa = PBXGroup;
			children = (
				8C904D7C2086017100A599E9 /* EdenChapter.swift */,
				8C5E78E921BCE59C00754DAB /* EdenChapterDetail.swift */,
				8C5E790B21CE70A800754DAB /* EdenCategory.swift */,
			);
			path = Models;
			sourceTree = "<group>";
		};
		8C5E78FB21BFF4AF00754DAB /* ImagePageView */ = {
			isa = PBXGroup;
			children = (
				8C904D882088BB7F00A599E9 /* ImagePageViewController.swift */,
				8C5E78EB21BCF59900754DAB /* ImagePageView.swift */,
				8C5E78ED21BCFB2500754DAB /* ImagePageViewCell.swift */,
				8C5E78EE21BCFB2500754DAB /* ImagePageViewCell.xib */,
				8C5E78F121BCFC0A00754DAB /* ImagePageViewCollectionCell.swift */,
				8C5E78F221BCFC0B00754DAB /* ImagePageViewCollectionCell.xib */,
			);
			path = ImagePageView;
			sourceTree = "<group>";
		};
		8C5E790021C147D500754DAB /* Base */ = {
			isa = PBXGroup;
			children = (
				8C9673732169C7B300DE5D69 /* BaseSearchViewModel.swift */,
				8C5E78F921BEBAFB00754DAB /* BaseMangaDetailViewModel.swift */,
				8C5E790121C1538300754DAB /* BaseChapterReadViewModel.swift */,
			);
			path = Base;
			sourceTree = "<group>";
		};
		8C81DCE72180C0A900F47A31 /* Fonts */ = {
			isa = PBXGroup;
			children = (
				8C81DCE82180C0A900F47A31 /* SF-Pro-Text-Regular.otf */,
				8C81DCE92180C0A900F47A31 /* Radomir Tinkov - Gilroy-SemiBold.otf */,
			);
			path = Fonts;
			sourceTree = "<group>";
		};
		8C8EAC72206A141900803BD1 = {
			isa = PBXGroup;
			children = (
				8C8EAC7D206A141900803BD1 /* mangaReader */,
				8C3C8BF821987492000F3FDD /* mangaReaderTests */,
				8C8EAC7C206A141900803BD1 /* Products */,
				0E611F14384F8ADBC4EE0989 /* Pods */,
				406A76AEB7A1B64FDCDD253C /* Frameworks */,
				8CD878EF20A17BFD00E3B362 /* mangaReader-Bridging-Header.h */,
			);
			sourceTree = "<group>";
		};
		8C8EAC7C206A141900803BD1 /* Products */ = {
			isa = PBXGroup;
			children = (
				8C8EAC7B206A141900803BD1 /* mangaReader.app */,
				8C3C8BF721987492000F3FDD /* mangaReaderTests.xctest */,
			);
			name = Products;
			sourceTree = "<group>";
		};
		8C8EAC7D206A141900803BD1 /* mangaReader */ = {
			isa = PBXGroup;
			children = (
				8C3C8BD12196B282000F3FDD /* MangaSources */,
				8C81DCE72180C0A900F47A31 /* Fonts */,
				8C96736A216915B200DE5D69 /* Common */,
				8C96735E21686A4B00DE5D69 /* extensions */,
				8CD878BF20A16B4100E3B362 /* AdsFramework */,
				8CA66E45208FFFD90014DB39 /* Util */,
				8C904D872088813800A599E9 /* Views */,
				8C904D802087892D00A599E9 /* ViewControllers */,
				8CF7EFAB2084560000E6AB6C /* Models */,
				8C8EAC7E206A141900803BD1 /* AppDelegate.swift */,
				8C16A8E720A134CD009D5692 /* InfoPlist.strings */,
				8C16A8D120A12DAC009D5692 /* Localizable.strings */,
				8C8EAC82206A141900803BD1 /* Main.storyboard */,
				8C8EAC87206A141900803BD1 /* LaunchScreen.storyboard */,
				8C60C961209427920069EFDB /* Assets.xcassets */,
				8C8EAC8A206A141A00803BD1 /* Info.plist */,
				8C394780208E2AA200344FCF /* Document.txt */,
				8C88E38C20905DD0004B54D9 /* mangaList.json */,
			);
			path = mangaReader;
			sourceTree = "<group>";
		};
		8C904D802087892D00A599E9 /* ViewControllers */ = {
			isa = PBXGroup;
			children = (
				8C96736121686EE500DE5D69 /* ViewModels */,
				8C8EAC80206A141900803BD1 /* MangaListViewController.swift */,
				8C9673802172F61300DE5D69 /* BaseViewController.swift */,
				8C60C95D2092E5AA0069EFDB /* GenresListViewController.swift */,
				8C88E388209042FF004B54D9 /* SearchViewController.swift */,
				8C904D7E2087892500A599E9 /* MangaDetailViewController.swift */,
				8C81DD1921857FE300F47A31 /* MangaDetailChaptersViewController.swift */,
				8C81DD1B21857FFE00F47A31 /* MangaDetailInfoViewController.swift */,
				8C5E791121D46E3600754DAB /* MangaDownloadViewController.swift */,
				8CCEADA721A12787005FC3B9 /* Reader */,
				8C5E78FB21BFF4AF00754DAB /* ImagePageView */,
				8C2250042092E1BD00C8E160 /* SettingsViewController.swift */,
				8C60C95F209414350069EFDB /* FavoritesViewController.swift */,
				8C60C9672094A8B20069EFDB /* RecentViewController.swift */,
			);
			path = ViewControllers;
			sourceTree = "<group>";
		};
		8C904D872088813800A599E9 /* Views */ = {
			isa = PBXGroup;
			children = (
				8C967390217C6EAA00DE5D69 /* CustomViews */,
				8C9673752169CFB600DE5D69 /* ViewModels */,
				8C904D762085D1BB00A599E9 /* MangaListCollectionViewCell.swift */,
				8C88E38A209045A8004B54D9 /* MangaListCollectionViewCell.xib */,
				8C4EFCDD208CD0B5007D342C /* MangaDetailHeaderTableViewCell.swift */,
				8C16A8E120A1329B009D5692 /* MangaDetailHeaderTableViewCell.xib */,
				8C4EFCE1208D47DE007D342C /* MangaDetailTabView.swift */,
				8C4EFCE3208DA61D007D342C /* MangaDetailTableViewCell.swift */,
				8C16A8DA20A13204009D5692 /* MangaDetailTableViewCell.xib */,
				8C81DD1621857EA600F47A31 /* NestedTableViewCell.swift */,
				8C81DD1521857EA600F47A31 /* NestedTableViewCell.xib */,
				8C60C963209428380069EFDB /* EmptyInfoView.swift */,
				8CD98FA220A52B23002C448F /* GuideView.swift */,
				8CD98FA420A52B31002C448F /* GuideView.xib */,
				8CC9E3A821A593F30098E505 /* SettingSelectCell.swift */,
				8CC9E3A921A593F30098E505 /* SettingSelectCell.xib */,
			);
			path = Views;
			sourceTree = "<group>";
		};
		8C96735921679A6C00DE5D69 /* Network */ = {
			isa = PBXGroup;
			children = (
				8C3C8BD32196B366000F3FDD /* NetworkManager.swift */,
				30F4340821C4D7750078E01C /* CustomRequestAdapter.swift */,
			);
			path = Network;
			sourceTree = "<group>";
		};
		8C96735E21686A4B00DE5D69 /* extensions */ = {
			isa = PBXGroup;
			children = (
				8C81DCEE2180D43600F47A31 /* NSAttributedString+Helper.swift */,
				8C96738E217C51F500DE5D69 /* Color+Utilities.swift */,
				8C81DCEC2180C0EF00F47A31 /* Font+Custom.swift */,
				8C96735F21686A5D00DE5D69 /* UIViewController+Loading.swift */,
				8C96736D2169175100DE5D69 /* UIViewController+Extra.swift */,
				8C96738C2179664800DE5D69 /* Notification+Name.swift */,
				8C81DCF02180DC8200F47A31 /* UITableView+Helper.swift */,
				8C5E78F521BD026200754DAB /* UICollectionView+Helper.swift */,
				8CC9E3AC21A5A40F0098E505 /* Bundle+Extension.swift */,
			);
			path = extensions;
			sourceTree = "<group>";
		};
		8C96736121686EE500DE5D69 /* ViewModels */ = {
			isa = PBXGroup;
			children = (
				8C96736F216918D800DE5D69 /* GenresListViewModel.swift */,
				8CC9E45F21BC14720098E505 /* MangaDetailViewModelProtocol.swift */,
				8C96738221756F2700DE5D69 /* FavoritesViewModel.swift */,
				8C9673842178169E00DE5D69 /* RecentViewModel.swift */,
				8C96738621795B3A00DE5D69 /* SettingsViewModel.swift */,
			);
			path = ViewModels;
			sourceTree = "<group>";
		};
		8C9673642169118D00DE5D69 /* DataModels */ = {
			isa = PBXGroup;
			children = (
				8C904D83208878E100A599E9 /* ChapterImage.swift */,
				8C904D782085F78300A599E9 /* Manga.swift */,
				8C81DD2521873A9300F47A31 /* SharedPreferences.swift */,
				8C81DD2721873B2100F47A31 /* MangaCache.swift */,
			);
			path = DataModels;
			sourceTree = "<group>";
		};
		8C967365216911B400DE5D69 /* ResponseModels */ = {
			isa = PBXGroup;
			children = (
				8C904D812088783000A599E9 /* EdenChapterDetailResponse.swift */,
				8CF7EFAC2084565000E6AB6C /* MangaListResponse.swift */,
				8C9673682169135A00DE5D69 /* CategoryNamesResponse.swift */,
				8C3C8BF1219871A1000F3FDD /* ReportBadResponse.swift */,
			);
			path = ResponseModels;
			sourceTree = "<group>";
		};
		8C96736A216915B200DE5D69 /* Common */ = {
			isa = PBXGroup;
			children = (
				8C96736B216915D700DE5D69 /* Utility.swift */,
				8C9673712169217700DE5D69 /* SensitiveData.swift */,
				8C96738A217964D200DE5D69 /* ThemeManager.swift */,
			);
			path = Common;
			sourceTree = "<group>";
		};
		8C9673752169CFB600DE5D69 /* ViewModels */ = {
			isa = PBXGroup;
			children = (
				8C96737A216A5AF300DE5D69 /* MangaDetailHeaderCellModel.swift */,
				8C96737C216A5B1A00DE5D69 /* MangaListCollectionCellViewModel.swift */,
			);
			path = ViewModels;
			sourceTree = "<group>";
		};
		8C967390217C6EAA00DE5D69 /* CustomViews */ = {
			isa = PBXGroup;
			children = (
				8C967391217C6ED200DE5D69 /* BetterRefreshControl.swift */,
				8CC9E3B021A5AA990098E505 /* ReaderSettingsPopupViewController.swift */,
			);
			path = CustomViews;
			sourceTree = "<group>";
		};
		8CA66E45208FFFD90014DB39 /* Util */ = {
			isa = PBXGroup;
			children = (
				8CA66E46208FFFF10014DB39 /* Constants.swift */,
			);
			path = Util;
			sourceTree = "<group>";
		};
		8CC9E45921BBCCA10098E505 /* MangaEden */ = {
			isa = PBXGroup;
			children = (
				8C5E78E621BCE34100754DAB /* Models */,
				8CC9E45E21BC0A310098E505 /* ViewModels */,
				8C967365216911B400DE5D69 /* ResponseModels */,
				8CF7EFA9208450D400E6AB6C /* MangaEdenApi.swift */,
				8C96735A21679AA200DE5D69 /* MangaEndpoint.swift */,
			);
			path = MangaEden;
			sourceTree = "<group>";
		};
		8CC9E45E21BC0A310098E505 /* ViewModels */ = {
			isa = PBXGroup;
			children = (
				8C96737E216AD96400DE5D69 /* EdenChapterReadViewModel.swift */,
				8C967376216A32C700DE5D69 /* EdenMangaDetailViewModel.swift */,
				8C96736221686F0600DE5D69 /* EdenMangaListViewModel.swift */,
				30F4340421C4CD950078E01C /* EdenSearchViewModel.swift */,
			);
			path = ViewModels;
			sourceTree = "<group>";
		};
		8CCEADA721A12787005FC3B9 /* Reader */ = {
			isa = PBXGroup;
			children = (
				8C904D8520887D4800A599E9 /* ChapterReadViewController.swift */,
				8CCEADA821A127C5005FC3B9 /* ReaderViewProtocol.swift */,
				8CCEADAC21A12CA1005FC3B9 /* ReaderViewPresenterProtocol.swift */,
				8CCEADAA21A127F6005FC3B9 /* PageReaderView.swift */,
				8CC9E3A221A3004D0098E505 /* CollectionReaderView.swift */,
			);
			path = Reader;
			sourceTree = "<group>";
		};
		8CD878BF20A16B4100E3B362 /* AdsFramework */ = {
			isa = PBXGroup;
			children = (
				8C5EA97020F0AF09007E8A7D /* ConsentManager.swift */,
				8CD878C020A16B4100E3B362 /* AdsManager.swift */,
			);
			path = AdsFramework;
			sourceTree = "<group>";
		};
		8CF7EFAB2084560000E6AB6C /* Models */ = {
			isa = PBXGroup;
			children = (
				8C9673642169118D00DE5D69 /* DataModels */,
				8C96735921679A6C00DE5D69 /* Network */,
				8C39477D208E1A6C00344FCF /* DataBaseModels */,
				8C96735C2167BEA700DE5D69 /* CodableValue.swift */,
			);
			path = Models;
			sourceTree = "<group>";
		};
/* End PBXGroup section */

/* Begin PBXNativeTarget section */
		8C3C8BF621987492000F3FDD /* mangaReaderTests */ = {
			isa = PBXNativeTarget;
			buildConfigurationList = 8C3C8BFE21987492000F3FDD /* Build configuration list for PBXNativeTarget "mangaReaderTests" */;
			buildPhases = (
				8C3C8BF321987492000F3FDD /* Sources */,
				8C3C8BF421987492000F3FDD /* Frameworks */,
				8C3C8BF521987492000F3FDD /* Resources */,
			);
			buildRules = (
			);
			dependencies = (
				8C3C8BFD21987492000F3FDD /* PBXTargetDependency */,
			);
			name = mangaReaderTests;
			productName = mangaReaderTests;
			productReference = 8C3C8BF721987492000F3FDD /* mangaReaderTests.xctest */;
			productType = "com.apple.product-type.bundle.unit-test";
		};
		8C8EAC7A206A141900803BD1 /* mangaReader */ = {
			isa = PBXNativeTarget;
			buildConfigurationList = 8C8EAC8D206A141A00803BD1 /* Build configuration list for PBXNativeTarget "mangaReader" */;
			buildPhases = (
				C599AB61CF3998DFBBA51175 /* [CP] Check Pods Manifest.lock */,
				8C8EAC77206A141900803BD1 /* Sources */,
				8C8EAC78206A141900803BD1 /* Frameworks */,
				8C8EAC79206A141900803BD1 /* Resources */,
				B4B5F8610B6CBC21841D5491 /* [CP] Embed Pods Frameworks */,
			);
			buildRules = (
			);
			dependencies = (
			);
			name = mangaReader;
			productName = mangaReader;
			productReference = 8C8EAC7B206A141900803BD1 /* mangaReader.app */;
			productType = "com.apple.product-type.application";
		};
/* End PBXNativeTarget section */

/* Begin PBXProject section */
		8C8EAC73206A141900803BD1 /* Project object */ = {
			isa = PBXProject;
			attributes = {
				LastSwiftUpdateCheck = 1010;
				LastUpgradeCheck = 1000;
				ORGANIZATIONNAME = "Yiming Dong";
				TargetAttributes = {
					8C3C8BF621987492000F3FDD = {
						CreatedOnToolsVersion = 10.1;
						ProvisioningStyle = Automatic;
						TestTargetID = 8C8EAC7A206A141900803BD1;
					};
					8C8EAC7A206A141900803BD1 = {
						CreatedOnToolsVersion = 9.2;
						LastSwiftMigration = 0930;
						ProvisioningStyle = Automatic;
					};
				};
			};
			buildConfigurationList = 8C8EAC76206A141900803BD1 /* Build configuration list for PBXProject "mangaReader" */;
			compatibilityVersion = "Xcode 8.0";
			developmentRegion = en;
			hasScannedForEncodings = 0;
			knownRegions = (
				en,
				Base,
				"zh-Hans",
				ja,
			);
			mainGroup = 8C8EAC72206A141900803BD1;
			productRefGroup = 8C8EAC7C206A141900803BD1 /* Products */;
			projectDirPath = "";
			projectRoot = "";
			targets = (
				8C8EAC7A206A141900803BD1 /* mangaReader */,
				8C3C8BF621987492000F3FDD /* mangaReaderTests */,
			);
		};
/* End PBXProject section */

/* Begin PBXResourcesBuildPhase section */
		8C3C8BF521987492000F3FDD /* Resources */ = {
			isa = PBXResourcesBuildPhase;
			buildActionMask = 2147483647;
			files = (
			);
			runOnlyForDeploymentPostprocessing = 0;
		};
		8C8EAC79206A141900803BD1 /* Resources */ = {
			isa = PBXResourcesBuildPhase;
			buildActionMask = 2147483647;
			files = (
				8C16A8D820A13204009D5692 /* MangaDetailTableViewCell.xib in Resources */,
				8C5E78F021BCFB2500754DAB /* ImagePageViewCell.xib in Resources */,
				8C394781208E2AA200344FCF /* Document.txt in Resources */,
				8CD98FA520A52B31002C448F /* GuideView.xib in Resources */,
				8C81DCEB2180C0AA00F47A31 /* Radomir Tinkov - Gilroy-SemiBold.otf in Resources */,
				8CC9E3AB21A593F30098E505 /* SettingSelectCell.xib in Resources */,
				8C81DD1721857EA700F47A31 /* NestedTableViewCell.xib in Resources */,
				8C88E38B209045A8004B54D9 /* MangaListCollectionViewCell.xib in Resources */,
				8C16A8E220A1329B009D5692 /* MangaDetailHeaderTableViewCell.xib in Resources */,
				8C8EAC89206A141900803BD1 /* LaunchScreen.storyboard in Resources */,
				8C81DCEA2180C0AA00F47A31 /* SF-Pro-Text-Regular.otf in Resources */,
				8C16A8CF20A12DAC009D5692 /* Localizable.strings in Resources */,
				8C88E38D20905DD0004B54D9 /* mangaList.json in Resources */,
				8C5E78F421BCFC0B00754DAB /* ImagePageViewCollectionCell.xib in Resources */,
				8C60C962209427920069EFDB /* Assets.xcassets in Resources */,
				8C8EAC84206A141900803BD1 /* Main.storyboard in Resources */,
				8C16A8E520A134CD009D5692 /* InfoPlist.strings in Resources */,
			);
			runOnlyForDeploymentPostprocessing = 0;
		};
/* End PBXResourcesBuildPhase section */

/* Begin PBXShellScriptBuildPhase section */
		B4B5F8610B6CBC21841D5491 /* [CP] Embed Pods Frameworks */ = {
			isa = PBXShellScriptBuildPhase;
			buildActionMask = 2147483647;
			files = (
			);
			inputPaths = (
				"${SRCROOT}/Pods/Target Support Files/Pods-mangaReader/Pods-mangaReader-frameworks.sh",
				"${BUILT_PRODUCTS_DIR}/Alamofire/Alamofire.framework",
				"${BUILT_PRODUCTS_DIR}/AlamofireImage/AlamofireImage.framework",
				"${BUILT_PRODUCTS_DIR}/Bolts/Bolts.framework",
				"${BUILT_PRODUCTS_DIR}/CRRefresh/CRRefresh.framework",
				"${BUILT_PRODUCTS_DIR}/FBSDKCoreKit/FBSDKCoreKit.framework",
				"${BUILT_PRODUCTS_DIR}/FacebookCore/FacebookCore.framework",
				"${BUILT_PRODUCTS_DIR}/NVActivityIndicatorView/NVActivityIndicatorView.framework",
				"${BUILT_PRODUCTS_DIR}/PersonalizedAdConsent/PersonalizedAdConsent.framework",
				"${BUILT_PRODUCTS_DIR}/Realm/Realm.framework",
				"${BUILT_PRODUCTS_DIR}/RealmSwift/RealmSwift.framework",
				"${BUILT_PRODUCTS_DIR}/RxAtomic/RxAtomic.framework",
				"${BUILT_PRODUCTS_DIR}/RxCocoa/RxCocoa.framework",
				"${BUILT_PRODUCTS_DIR}/RxSwift/RxSwift.framework",
				"${BUILT_PRODUCTS_DIR}/SVProgressHUD/SVProgressHUD.framework",
				"${BUILT_PRODUCTS_DIR}/SVPullToRefresh/SVPullToRefresh.framework",
				"${BUILT_PRODUCTS_DIR}/SnapKit/SnapKit.framework",
				"${BUILT_PRODUCTS_DIR}/Swinject/Swinject.framework",
				"${BUILT_PRODUCTS_DIR}/TagListView/TagListView.framework",
				"${BUILT_PRODUCTS_DIR}/Toast-Swift/Toast_Swift.framework",
			);
			name = "[CP] Embed Pods Frameworks";
			outputPaths = (
				"${TARGET_BUILD_DIR}/${FRAMEWORKS_FOLDER_PATH}/Alamofire.framework",
				"${TARGET_BUILD_DIR}/${FRAMEWORKS_FOLDER_PATH}/AlamofireImage.framework",
				"${TARGET_BUILD_DIR}/${FRAMEWORKS_FOLDER_PATH}/Bolts.framework",
				"${TARGET_BUILD_DIR}/${FRAMEWORKS_FOLDER_PATH}/CRRefresh.framework",
				"${TARGET_BUILD_DIR}/${FRAMEWORKS_FOLDER_PATH}/FBSDKCoreKit.framework",
				"${TARGET_BUILD_DIR}/${FRAMEWORKS_FOLDER_PATH}/FacebookCore.framework",
				"${TARGET_BUILD_DIR}/${FRAMEWORKS_FOLDER_PATH}/NVActivityIndicatorView.framework",
				"${TARGET_BUILD_DIR}/${FRAMEWORKS_FOLDER_PATH}/PersonalizedAdConsent.framework",
				"${TARGET_BUILD_DIR}/${FRAMEWORKS_FOLDER_PATH}/Realm.framework",
				"${TARGET_BUILD_DIR}/${FRAMEWORKS_FOLDER_PATH}/RealmSwift.framework",
				"${TARGET_BUILD_DIR}/${FRAMEWORKS_FOLDER_PATH}/RxAtomic.framework",
				"${TARGET_BUILD_DIR}/${FRAMEWORKS_FOLDER_PATH}/RxCocoa.framework",
				"${TARGET_BUILD_DIR}/${FRAMEWORKS_FOLDER_PATH}/RxSwift.framework",
				"${TARGET_BUILD_DIR}/${FRAMEWORKS_FOLDER_PATH}/SVProgressHUD.framework",
				"${TARGET_BUILD_DIR}/${FRAMEWORKS_FOLDER_PATH}/SVPullToRefresh.framework",
				"${TARGET_BUILD_DIR}/${FRAMEWORKS_FOLDER_PATH}/SnapKit.framework",
				"${TARGET_BUILD_DIR}/${FRAMEWORKS_FOLDER_PATH}/Swinject.framework",
				"${TARGET_BUILD_DIR}/${FRAMEWORKS_FOLDER_PATH}/TagListView.framework",
				"${TARGET_BUILD_DIR}/${FRAMEWORKS_FOLDER_PATH}/Toast_Swift.framework",
			);
			runOnlyForDeploymentPostprocessing = 0;
			shellPath = /bin/sh;
			shellScript = "\"${SRCROOT}/Pods/Target Support Files/Pods-mangaReader/Pods-mangaReader-frameworks.sh\"\n";
			showEnvVarsInLog = 0;
		};
		C599AB61CF3998DFBBA51175 /* [CP] Check Pods Manifest.lock */ = {
			isa = PBXShellScriptBuildPhase;
			buildActionMask = 2147483647;
			files = (
			);
			inputPaths = (
				"${PODS_PODFILE_DIR_PATH}/Podfile.lock",
				"${PODS_ROOT}/Manifest.lock",
			);
			name = "[CP] Check Pods Manifest.lock";
			outputPaths = (
				"$(DERIVED_FILE_DIR)/Pods-mangaReader-checkManifestLockResult.txt",
			);
			runOnlyForDeploymentPostprocessing = 0;
			shellPath = /bin/sh;
			shellScript = "diff \"${PODS_PODFILE_DIR_PATH}/Podfile.lock\" \"${PODS_ROOT}/Manifest.lock\" > /dev/null\nif [ $? != 0 ] ; then\n    # print error to STDERR\n    echo \"error: The sandbox is not in sync with the Podfile.lock. Run 'pod install' or update your CocoaPods installation.\" >&2\n    exit 1\nfi\n# This output is used by Xcode 'outputs' to avoid re-running this script phase.\necho \"SUCCESS\" > \"${SCRIPT_OUTPUT_FILE_0}\"\n";
			showEnvVarsInLog = 0;
		};
/* End PBXShellScriptBuildPhase section */

/* Begin PBXSourcesBuildPhase section */
		8C3C8BF321987492000F3FDD /* Sources */ = {
			isa = PBXSourcesBuildPhase;
			buildActionMask = 2147483647;
			files = (
				8C3C8BFA21987492000F3FDD /* MangaEdenApiTests.swift in Sources */,
				8CC9E45D21BC06200098E505 /* LamaApiTests.swift in Sources */,
			);
			runOnlyForDeploymentPostprocessing = 0;
		};
		8C8EAC77206A141900803BD1 /* Sources */ = {
			isa = PBXSourcesBuildPhase;
			buildActionMask = 2147483647;
			files = (
				8C96736C216915D700DE5D69 /* Utility.swift in Sources */,
				8C5E790C21CE70A800754DAB /* EdenCategory.swift in Sources */,
				8C904D8620887D4800A599E9 /* ChapterReadViewController.swift in Sources */,
				8CA66E47208FFFF10014DB39 /* Constants.swift in Sources */,
				8CC9E3A321A3004D0098E505 /* CollectionReaderView.swift in Sources */,
				8C2250052092E1BD00C8E160 /* SettingsViewController.swift in Sources */,
				8CCEADAD21A12CA1005FC3B9 /* ReaderViewPresenterProtocol.swift in Sources */,
				8C8EAC81206A141900803BD1 /* MangaListViewController.swift in Sources */,
				8C96735D2167BEA700DE5D69 /* CodableValue.swift in Sources */,
				8C3C8BD62196B3F5000F3FDD /* LamaApi.swift in Sources */,
				8C3C8C022199BD76000F3FDD /* LamaTopicsResponse.swift in Sources */,
				8CC9E46421BCC5A50098E505 /* LamaChapter.swift in Sources */,
				8CD878C120A16B4100E3B362 /* AdsManager.swift in Sources */,
				8C5E78EF21BCFB2500754DAB /* ImagePageViewCell.swift in Sources */,
				8C81DD2821873B2100F47A31 /* MangaCache.swift in Sources */,
				8CC9E3AA21A593F30098E505 /* SettingSelectCell.swift in Sources */,
				8C58A54F208EAD4100FF71B2 /* MangaCurrentChapter.swift in Sources */,
				8C81DD1C21857FFE00F47A31 /* MangaDetailInfoViewController.swift in Sources */,
				8C60C9682094A8B20069EFDB /* RecentViewController.swift in Sources */,
				8C3C8BF021980E2C000F3FDD /* MangaSource.swift in Sources */,
				8C5E78FA21BEBAFB00754DAB /* BaseMangaDetailViewModel.swift in Sources */,
				8CC9E46021BC14730098E505 /* MangaDetailViewModelProtocol.swift in Sources */,
				8C96738B217964D200DE5D69 /* ThemeManager.swift in Sources */,
				308E8E4D21C8826A000F7F63 /* LamaTagSuggestionResponse.swift in Sources */,
				8C3C8BD42196B366000F3FDD /* NetworkManager.swift in Sources */,
				8C5E78F621BD026200754DAB /* UICollectionView+Helper.swift in Sources */,
				8C96738F217C51F500DE5D69 /* Color+Utilities.swift in Sources */,
				8C39477F208E1AB900344FCF /* FavoriteManga.swift in Sources */,
				8C5E78FD21C0081300754DAB /* ChapterDetailProtocol.swift in Sources */,
				8C967367216911EA00DE5D69 /* DataManager.swift in Sources */,
				8CCEADAB21A127F6005FC3B9 /* PageReaderView.swift in Sources */,
				8C904D822088783000A599E9 /* EdenChapterDetailResponse.swift in Sources */,
				8C9673692169135A00DE5D69 /* CategoryNamesResponse.swift in Sources */,
				8CC9E3B121A5AA990098E505 /* ReaderSettingsPopupViewController.swift in Sources */,
				8C3C8BD82196B40D000F3FDD /* LamaEndpoint.swift in Sources */,
				8CC9E45B21BC044B0098E505 /* LamaTopicResponse.swift in Sources */,
				8C5E78EA21BCE59C00754DAB /* EdenChapterDetail.swift in Sources */,
				8C3C8BEE21980C1B000F3FDD /* FSInjector.swift in Sources */,
				30F4340721C4CF010078E01C /* LamaSearchViewModel.swift in Sources */,
				8C9673812172F61300DE5D69 /* BaseViewController.swift in Sources */,
				8C4EFCE5208DA61D007D342C /* MangaDetailTableViewCell.swift in Sources */,
				8C967370216918D800DE5D69 /* GenresListViewModel.swift in Sources */,
				8CF7EFAD2084565000E6AB6C /* MangaListResponse.swift in Sources */,
				8C3C8BF2219871A1000F3FDD /* ReportBadResponse.swift in Sources */,
				8C967377216A32C700DE5D69 /* EdenMangaDetailViewModel.swift in Sources */,
				8C96737D216A5B1A00DE5D69 /* MangaListCollectionCellViewModel.swift in Sources */,
				8C81DCEF2180D43600F47A31 /* NSAttributedString+Helper.swift in Sources */,
				8C5E78F321BCFC0B00754DAB /* ImagePageViewCollectionCell.swift in Sources */,
				8C5E790E21D33BE900754DAB /* CategoryRefresherProtocol.swift in Sources */,
				8CD98FA320A52B23002C448F /* GuideView.swift in Sources */,
				8C5E78EC21BCF59900754DAB /* ImagePageView.swift in Sources */,
				8C96738721795B3A00DE5D69 /* SettingsViewModel.swift in Sources */,
				8C96736321686F0600DE5D69 /* EdenMangaListViewModel.swift in Sources */,
				8C3C8BE42196B8A8000F3FDD /* LamaTopic.swift in Sources */,
				30F4340521C4CD950078E01C /* EdenSearchViewModel.swift in Sources */,
				8C5E790A21CE707000754DAB /* CategoryProtocol.swift in Sources */,
				8C9673742169C7B300DE5D69 /* BaseSearchViewModel.swift in Sources */,
				8C81DD1A21857FE300F47A31 /* MangaDetailChaptersViewController.swift in Sources */,
				8C5EA97120F0AF0A007E8A7D /* ConsentManager.swift in Sources */,
				8C8EAC7F206A141900803BD1 /* AppDelegate.swift in Sources */,
				8C88E389209042FF004B54D9 /* SearchViewController.swift in Sources */,
				8C5E791221D46E3600754DAB /* MangaDownloadViewController.swift in Sources */,
				8CCEADA921A127C5005FC3B9 /* ReaderViewProtocol.swift in Sources */,
				8C60C964209428380069EFDB /* EmptyInfoView.swift in Sources */,
				8C9673722169217700DE5D69 /* SensitiveData.swift in Sources */,
				8C4EFCE2208D47DE007D342C /* MangaDetailTabView.swift in Sources */,
				8C81DD1821857EA700F47A31 /* NestedTableViewCell.swift in Sources */,
				8C81DD2621873A9300F47A31 /* SharedPreferences.swift in Sources */,
				8CC9E46221BCC00D0098E505 /* LamaChapterResponse.swift in Sources */,
				8C967392217C6ED200DE5D69 /* BetterRefreshControl.swift in Sources */,
				8C4EFCDF208CD0B5007D342C /* MangaDetailHeaderTableViewCell.swift in Sources */,
				8C5E790221C1538300754DAB /* BaseChapterReadViewModel.swift in Sources */,
				8C60C95E2092E5AA0069EFDB /* GenresListViewController.swift in Sources */,
				8C3C8BEA2196BC60000F3FDD /* MangaProtocol.swift in Sources */,
				8C96738D2179664800DE5D69 /* Notification+Name.swift in Sources */,
				8C96738321756F2700DE5D69 /* FavoritesViewModel.swift in Sources */,
				8C5E791421D4B8BF00754DAB /* DownloadManager.swift in Sources */,
				8C5E790421C1570200754DAB /* LamaChapterReadViewModel.swift in Sources */,
				8C60C9662094A4FE0069EFDB /* RecentManga.swift in Sources */,
				30F4340321C4C12B0078E01C /* LamaSearchResponse.swift in Sources */,
				30F4340921C4D7750078E01C /* CustomRequestAdapter.swift in Sources */,
				8C904D892088BB7F00A599E9 /* ImagePageViewController.swift in Sources */,
				8C5E791021D33F5700754DAB /* LamaCategory.swift in Sources */,
				8C3C8BDD2196B794000F3FDD /* LamaDailyResponse.swift in Sources */,
				8C81DCF12180DC8200F47A31 /* UITableView+Helper.swift in Sources */,
				8C96737B216A5AF300DE5D69 /* MangaDetailHeaderCellModel.swift in Sources */,
				8CF7EFAA208450D400E6AB6C /* MangaEdenApi.swift in Sources */,
				8C904D84208878E100A599E9 /* ChapterImage.swift in Sources */,
				8C96737F216AD96400DE5D69 /* EdenChapterReadViewModel.swift in Sources */,
				8C5E78E821BCE36500754DAB /* ChapterProtocol.swift in Sources */,
				8C904D792085F78300A599E9 /* Manga.swift in Sources */,
				8C904D772085D1BB00A599E9 /* MangaListCollectionViewCell.swift in Sources */,
				8C9673852178169E00DE5D69 /* RecentViewModel.swift in Sources */,
				8C3C8BEC2197D76D000F3FDD /* MangaListViewModelProtocol.swift in Sources */,
				8C81DCED2180C0EF00F47A31 /* Font+Custom.swift in Sources */,
				8C3C8BE72196BBC0000F3FDD /* LamaMangaListViewModel.swift in Sources */,
				8CC9E3AD21A5A40F0098E505 /* Bundle+Extension.swift in Sources */,
				8C60C960209414350069EFDB /* FavoritesViewController.swift in Sources */,
				8C5E78F821BEAEBD00754DAB /* LamaMangaDetailViewModel.swift in Sources */,
				8C3C8BE22196B842000F3FDD /* LamaComic.swift in Sources */,
				8C96736E2169175100DE5D69 /* UIViewController+Extra.swift in Sources */,
				8C904D7F2087892500A599E9 /* MangaDetailViewController.swift in Sources */,
				8C904D7D2086017100A599E9 /* EdenChapter.swift in Sources */,
				8C96735B21679AA200DE5D69 /* MangaEndpoint.swift in Sources */,
				8C96736021686A5D00DE5D69 /* UIViewController+Loading.swift in Sources */,
			);
			runOnlyForDeploymentPostprocessing = 0;
		};
/* End PBXSourcesBuildPhase section */

/* Begin PBXTargetDependency section */
		8C3C8BFD21987492000F3FDD /* PBXTargetDependency */ = {
			isa = PBXTargetDependency;
			target = 8C8EAC7A206A141900803BD1 /* mangaReader */;
			targetProxy = 8C3C8BFC21987492000F3FDD /* PBXContainerItemProxy */;
		};
/* End PBXTargetDependency section */

/* Begin PBXVariantGroup section */
		8C16A8D120A12DAC009D5692 /* Localizable.strings */ = {
			isa = PBXVariantGroup;
			children = (
				8C16A8D020A12DAC009D5692 /* en */,
				8C16A8D220A12DAF009D5692 /* zh-Hans */,
				8CD87B2120A3E5B200E3B362 /* ja */,
			);
			name = Localizable.strings;
			sourceTree = "<group>";
		};
		8C16A8DA20A13204009D5692 /* MangaDetailTableViewCell.xib */ = {
			isa = PBXVariantGroup;
			children = (
				8C9673572167926500DE5D69 /* zh-Hans */,
				8C9673582167926900DE5D69 /* Base */,
			);
			name = MangaDetailTableViewCell.xib;
			sourceTree = "<group>";
		};
		8C16A8E720A134CD009D5692 /* InfoPlist.strings */ = {
			isa = PBXVariantGroup;
			children = (
				8C16A8E620A134CD009D5692 /* en */,
				8C16A8E820A134CE009D5692 /* zh-Hans */,
				8CD87B2020A3E5B200E3B362 /* ja */,
			);
			name = InfoPlist.strings;
			sourceTree = "<group>";
		};
		8C8EAC82206A141900803BD1 /* Main.storyboard */ = {
			isa = PBXVariantGroup;
			children = (
				8C8EAC83206A141900803BD1 /* Base */,
				8C16A8CC20A1256C009D5692 /* zh-Hans */,
				8CD87B1F20A3E5B200E3B362 /* ja */,
			);
			name = Main.storyboard;
			sourceTree = "<group>";
		};
		8C8EAC87206A141900803BD1 /* LaunchScreen.storyboard */ = {
			isa = PBXVariantGroup;
			children = (
				8C8EAC88206A141900803BD1 /* Base */,
			);
			name = LaunchScreen.storyboard;
			sourceTree = "<group>";
		};
/* End PBXVariantGroup section */

/* Begin XCBuildConfiguration section */
		8C3C8BFF21987492000F3FDD /* Debug */ = {
			isa = XCBuildConfiguration;
			buildSettings = {
				BUNDLE_LOADER = "$(TEST_HOST)";
				CLANG_ENABLE_OBJC_WEAK = YES;
				CODE_SIGN_STYLE = Automatic;
				INFOPLIST_FILE = mangaReaderTests/Info.plist;
				IPHONEOS_DEPLOYMENT_TARGET = 12.1;
				LD_RUNPATH_SEARCH_PATHS = "$(inherited) @executable_path/Frameworks @loader_path/Frameworks";
				MTL_ENABLE_DEBUG_INFO = INCLUDE_SOURCE;
				MTL_FAST_MATH = YES;
				PRODUCT_BUNDLE_IDENTIFIER = com.dym.mangaReaderTests;
				PRODUCT_NAME = "$(TARGET_NAME)";
				SWIFT_VERSION = 4.2;
				TARGETED_DEVICE_FAMILY = "1,2";
				TEST_HOST = "$(BUILT_PRODUCTS_DIR)/mangaReader.app/mangaReader";
			};
			name = Debug;
		};
		8C3C8C0021987492000F3FDD /* Release */ = {
			isa = XCBuildConfiguration;
			buildSettings = {
				BUNDLE_LOADER = "$(TEST_HOST)";
				CLANG_ENABLE_OBJC_WEAK = YES;
				CODE_SIGN_STYLE = Automatic;
				INFOPLIST_FILE = mangaReaderTests/Info.plist;
				IPHONEOS_DEPLOYMENT_TARGET = 12.1;
				LD_RUNPATH_SEARCH_PATHS = "$(inherited) @executable_path/Frameworks @loader_path/Frameworks";
				MTL_FAST_MATH = YES;
				PRODUCT_BUNDLE_IDENTIFIER = com.dym.mangaReaderTests;
				PRODUCT_NAME = "$(TARGET_NAME)";
				SWIFT_VERSION = 4.2;
				TARGETED_DEVICE_FAMILY = "1,2";
				TEST_HOST = "$(BUILT_PRODUCTS_DIR)/mangaReader.app/mangaReader";
			};
			name = Release;
		};
		8C8EAC8B206A141A00803BD1 /* Debug */ = {
			isa = XCBuildConfiguration;
			buildSettings = {
				ALWAYS_SEARCH_USER_PATHS = NO;
				CLANG_ANALYZER_LOCALIZABILITY_NONLOCALIZED = YES;
				CLANG_ANALYZER_NONNULL = YES;
				CLANG_ANALYZER_NUMBER_OBJECT_CONVERSION = YES_AGGRESSIVE;
				CLANG_CXX_LANGUAGE_STANDARD = "gnu++14";
				CLANG_CXX_LIBRARY = "libc++";
				CLANG_ENABLE_MODULES = YES;
				CLANG_ENABLE_OBJC_ARC = YES;
				CLANG_WARN_BLOCK_CAPTURE_AUTORELEASING = YES;
				CLANG_WARN_BOOL_CONVERSION = YES;
				CLANG_WARN_COMMA = YES;
				CLANG_WARN_CONSTANT_CONVERSION = YES;
				CLANG_WARN_DEPRECATED_OBJC_IMPLEMENTATIONS = YES;
				CLANG_WARN_DIRECT_OBJC_ISA_USAGE = YES_ERROR;
				CLANG_WARN_DOCUMENTATION_COMMENTS = YES;
				CLANG_WARN_EMPTY_BODY = YES;
				CLANG_WARN_ENUM_CONVERSION = YES;
				CLANG_WARN_INFINITE_RECURSION = YES;
				CLANG_WARN_INT_CONVERSION = YES;
				CLANG_WARN_NON_LITERAL_NULL_CONVERSION = YES;
				CLANG_WARN_OBJC_IMPLICIT_RETAIN_SELF = YES;
				CLANG_WARN_OBJC_LITERAL_CONVERSION = YES;
				CLANG_WARN_OBJC_ROOT_CLASS = YES_ERROR;
				CLANG_WARN_RANGE_LOOP_ANALYSIS = YES;
				CLANG_WARN_STRICT_PROTOTYPES = YES;
				CLANG_WARN_SUSPICIOUS_MOVE = YES;
				CLANG_WARN_UNGUARDED_AVAILABILITY = YES_AGGRESSIVE;
				CLANG_WARN_UNREACHABLE_CODE = YES;
				CLANG_WARN__DUPLICATE_METHOD_MATCH = YES;
				CODE_SIGN_IDENTITY = "iPhone Developer";
				COPY_PHASE_STRIP = NO;
				DEBUG_INFORMATION_FORMAT = dwarf;
				ENABLE_STRICT_OBJC_MSGSEND = YES;
				ENABLE_TESTABILITY = YES;
				GCC_C_LANGUAGE_STANDARD = gnu11;
				GCC_DYNAMIC_NO_PIC = NO;
				GCC_NO_COMMON_BLOCKS = YES;
				GCC_OPTIMIZATION_LEVEL = 0;
				GCC_PREPROCESSOR_DEFINITIONS = (
					"DEBUG=1",
					"$(inherited)",
				);
				GCC_WARN_64_TO_32_BIT_CONVERSION = YES;
				GCC_WARN_ABOUT_RETURN_TYPE = YES_ERROR;
				GCC_WARN_UNDECLARED_SELECTOR = YES;
				GCC_WARN_UNINITIALIZED_AUTOS = YES_AGGRESSIVE;
				GCC_WARN_UNUSED_FUNCTION = YES;
				GCC_WARN_UNUSED_VARIABLE = YES;
				IPHONEOS_DEPLOYMENT_TARGET = 11.2;
				MTL_ENABLE_DEBUG_INFO = YES;
				ONLY_ACTIVE_ARCH = YES;
				SDKROOT = iphoneos;
				SWIFT_ACTIVE_COMPILATION_CONDITIONS = DEBUG;
				SWIFT_OPTIMIZATION_LEVEL = "-Onone";
			};
			name = Debug;
		};
		8C8EAC8C206A141A00803BD1 /* Release */ = {
			isa = XCBuildConfiguration;
			buildSettings = {
				ALWAYS_SEARCH_USER_PATHS = NO;
				CLANG_ANALYZER_LOCALIZABILITY_NONLOCALIZED = YES;
				CLANG_ANALYZER_NONNULL = YES;
				CLANG_ANALYZER_NUMBER_OBJECT_CONVERSION = YES_AGGRESSIVE;
				CLANG_CXX_LANGUAGE_STANDARD = "gnu++14";
				CLANG_CXX_LIBRARY = "libc++";
				CLANG_ENABLE_MODULES = YES;
				CLANG_ENABLE_OBJC_ARC = YES;
				CLANG_WARN_BLOCK_CAPTURE_AUTORELEASING = YES;
				CLANG_WARN_BOOL_CONVERSION = YES;
				CLANG_WARN_COMMA = YES;
				CLANG_WARN_CONSTANT_CONVERSION = YES;
				CLANG_WARN_DEPRECATED_OBJC_IMPLEMENTATIONS = YES;
				CLANG_WARN_DIRECT_OBJC_ISA_USAGE = YES_ERROR;
				CLANG_WARN_DOCUMENTATION_COMMENTS = YES;
				CLANG_WARN_EMPTY_BODY = YES;
				CLANG_WARN_ENUM_CONVERSION = YES;
				CLANG_WARN_INFINITE_RECURSION = YES;
				CLANG_WARN_INT_CONVERSION = YES;
				CLANG_WARN_NON_LITERAL_NULL_CONVERSION = YES;
				CLANG_WARN_OBJC_IMPLICIT_RETAIN_SELF = YES;
				CLANG_WARN_OBJC_LITERAL_CONVERSION = YES;
				CLANG_WARN_OBJC_ROOT_CLASS = YES_ERROR;
				CLANG_WARN_RANGE_LOOP_ANALYSIS = YES;
				CLANG_WARN_STRICT_PROTOTYPES = YES;
				CLANG_WARN_SUSPICIOUS_MOVE = YES;
				CLANG_WARN_UNGUARDED_AVAILABILITY = YES_AGGRESSIVE;
				CLANG_WARN_UNREACHABLE_CODE = YES;
				CLANG_WARN__DUPLICATE_METHOD_MATCH = YES;
				CODE_SIGN_IDENTITY = "iPhone Developer";
				COPY_PHASE_STRIP = NO;
				DEBUG_INFORMATION_FORMAT = "dwarf-with-dsym";
				ENABLE_NS_ASSERTIONS = NO;
				ENABLE_STRICT_OBJC_MSGSEND = YES;
				GCC_C_LANGUAGE_STANDARD = gnu11;
				GCC_NO_COMMON_BLOCKS = YES;
				GCC_WARN_64_TO_32_BIT_CONVERSION = YES;
				GCC_WARN_ABOUT_RETURN_TYPE = YES_ERROR;
				GCC_WARN_UNDECLARED_SELECTOR = YES;
				GCC_WARN_UNINITIALIZED_AUTOS = YES_AGGRESSIVE;
				GCC_WARN_UNUSED_FUNCTION = YES;
				GCC_WARN_UNUSED_VARIABLE = YES;
				IPHONEOS_DEPLOYMENT_TARGET = 11.2;
				MTL_ENABLE_DEBUG_INFO = NO;
				SDKROOT = iphoneos;
				SWIFT_OPTIMIZATION_LEVEL = "-Owholemodule";
				VALIDATE_PRODUCT = YES;
			};
			name = Release;
		};
		8C8EAC8E206A141A00803BD1 /* Debug */ = {
			isa = XCBuildConfiguration;
			baseConfigurationReference = 1A55816C541577B20C9EA282 /* Pods-mangaReader.debug.xcconfig */;
			buildSettings = {
				ASSETCATALOG_COMPILER_APPICON_NAME = AppIcon;
				CLANG_ENABLE_MODULES = YES;
				CODE_SIGN_IDENTITY = "iPhone Developer";
				CODE_SIGN_STYLE = Automatic;
				DEVELOPMENT_TEAM = 3766K37ZE9;
				INFOPLIST_FILE = mangaReader/Info.plist;
				IPHONEOS_DEPLOYMENT_TARGET = 9.0;
				LD_RUNPATH_SEARCH_PATHS = "$(inherited) @executable_path/Frameworks";
				PRODUCT_BUNDLE_IDENTIFIER = com.dymx101.mangaMonster;
				PRODUCT_NAME = "$(TARGET_NAME)";
				PROVISIONING_PROFILE = "";
				PROVISIONING_PROFILE_SPECIFIER = "";
				SWIFT_OBJC_BRIDGING_HEADER = "mangaReader-Bridging-Header.h";
				SWIFT_OPTIMIZATION_LEVEL = "-Onone";
				SWIFT_VERSION = 4.0;
				TARGETED_DEVICE_FAMILY = "1,2";
			};
			name = Debug;
		};
		8C8EAC8F206A141A00803BD1 /* Release */ = {
			isa = XCBuildConfiguration;
			baseConfigurationReference = 65171A2F5A9EBB700F64B9D3 /* Pods-mangaReader.release.xcconfig */;
			buildSettings = {
				ASSETCATALOG_COMPILER_APPICON_NAME = AppIcon;
				CLANG_ENABLE_MODULES = YES;
				CODE_SIGN_IDENTITY = "iPhone Developer";
				CODE_SIGN_STYLE = Automatic;
				DEVELOPMENT_TEAM = 3766K37ZE9;
				INFOPLIST_FILE = mangaReader/Info.plist;
				IPHONEOS_DEPLOYMENT_TARGET = 9.0;
				LD_RUNPATH_SEARCH_PATHS = "$(inherited) @executable_path/Frameworks";
				PRODUCT_BUNDLE_IDENTIFIER = com.dymx101.mangaMonster;
				PRODUCT_NAME = "$(TARGET_NAME)";
				PROVISIONING_PROFILE = "";
				PROVISIONING_PROFILE_SPECIFIER = "";
				SWIFT_OBJC_BRIDGING_HEADER = "mangaReader-Bridging-Header.h";
				SWIFT_VERSION = 4.0;
				TARGETED_DEVICE_FAMILY = "1,2";
			};
			name = Release;
		};
/* End XCBuildConfiguration section */

/* Begin XCConfigurationList section */
		8C3C8BFE21987492000F3FDD /* Build configuration list for PBXNativeTarget "mangaReaderTests" */ = {
			isa = XCConfigurationList;
			buildConfigurations = (
				8C3C8BFF21987492000F3FDD /* Debug */,
				8C3C8C0021987492000F3FDD /* Release */,
			);
			defaultConfigurationIsVisible = 0;
			defaultConfigurationName = Release;
		};
		8C8EAC76206A141900803BD1 /* Build configuration list for PBXProject "mangaReader" */ = {
			isa = XCConfigurationList;
			buildConfigurations = (
				8C8EAC8B206A141A00803BD1 /* Debug */,
				8C8EAC8C206A141A00803BD1 /* Release */,
			);
			defaultConfigurationIsVisible = 0;
			defaultConfigurationName = Release;
		};
		8C8EAC8D206A141A00803BD1 /* Build configuration list for PBXNativeTarget "mangaReader" */ = {
			isa = XCConfigurationList;
			buildConfigurations = (
				8C8EAC8E206A141A00803BD1 /* Debug */,
				8C8EAC8F206A141A00803BD1 /* Release */,
			);
			defaultConfigurationIsVisible = 0;
			defaultConfigurationName = Release;
		};
/* End XCConfigurationList section */
	};
	rootObject = 8C8EAC73206A141900803BD1 /* Project object */;
}
