PODS:
  - Alamofire (4.6.0)
  - AlamofireImage (3.3.1):
    - Alamofire (~> 4.5)
  - Bolts (1.9.0):
    - Bolts/AppLinks (= 1.9.0)
    - Bolts/Tasks (= 1.9.0)
  - Bolts/AppLinks (1.9.0):
    - Bolts/Tasks
  - Bolts/Tasks (1.9.0)
  - CRRefresh (1.1.3)
  - FacebookCore (0.3.3):
    - Bolts (~> 1.9)
    - FBSDKCoreKit (~> 4.36)
  - FBSDKCoreKit (4.38.1):
    - Bolts (~> 1.9)
  - Google-Mobile-Ads-SDK (7.31.0)
  - NVActivityIndicatorView (4.1.1):
    - NVActivityIndicatorView/Presenter (= 4.1.1)
  - NVActivityIndicatorView/Presenter (4.1.1)
  - PersonalizedAdConsent (1.0.3)
  - Realm (3.7.6):
    - Realm/Headers (= 3.7.6)
  - Realm/Headers (3.7.6)
  - RealmSwift (3.7.6):
    - Realm (= 3.7.6)
  - RxAtomic (4.4.0)
  - RxCocoa (4.4.0):
    - RxSwift (~> 4.0)
  - RxSwift (4.4.0):
    - RxAtomic (~> 4.4)
  - SnapKit (4.0.1)
  - SVProgressHUD (2.2.5)
  - SVPullToRefresh (0.4.1)
  - Swinject (2.5.0)
  - TagListView (1.3.2)
  - Toast-Swift (3.0.1)
  - UnityAds (2.1.2)
  - VungleSDK-iOS (6.2.0)

DEPENDENCIES:
  - Alamofire (~> 4.6.0)
  - AlamofireImage (~> 3.3)
  - CRRefresh (~> 1.1.3)
  - FacebookCore (~> 0.3.1)
  - Google-Mobile-Ads-SDK (~> 7.31.0)
  - NVActivityIndicatorView (~> 4.1.1)
  - PersonalizedAdConsent
  - RealmSwift (~> 3.7.4)
  - RxCocoa (~> 4.0)
  - RxSwift (~> 4.0)
  - SnapKit (~> 4.0.0)
  - SVProgressHUD (~> 2.2.5)
  - SVPullToRefresh (~> 0.4.1)
  - Swinject (~> 2.5.0)
  - TagListView (~> 1.3.0)
  - Toast-Swift (~> 3.0.1)
  - UnityAds (~> 2.1.0)
  - VungleSDK-iOS (~> 6.2.0)

SPEC REPOS:
  https://github.com/cocoapods/specs.git:
    - Alamofire
    - AlamofireImage
    - Bolts
    - CRRefresh
    - FacebookCore
    - FBSDKCoreKit
    - Google-Mobile-Ads-SDK
    - NVActivityIndicatorView
    - PersonalizedAdConsent
    - Realm
    - RealmSwift
    - RxAtomic
    - RxCocoa
    - RxSwift
    - SnapKit
    - SVProgressHUD
    - SVPullToRefresh
    - Swinject
    - TagListView
    - Toast-Swift
    - UnityAds
    - VungleSDK-iOS

SPEC CHECKSUMS:
  Alamofire: f41a599bd63041760b26d393ec1069d9d7b917f4
  AlamofireImage: 3b35b586853abaf94ca1250f4e94cff3c21a4c0d
  Bolts: ac6567323eac61e203f6a9763667d0f711be34c8
  CRRefresh: 1415d4ae06837fa7bb064c44f2e102f3ef517044
  FacebookCore: 9ecbe48cfd37c91a93add7f8cec2b4a2c50a1eec
  FBSDKCoreKit: 8d47857400e2f5bdea697a80daff882e91c84ef6
  Google-Mobile-Ads-SDK: 6e529e748b45507a2ca904e0b5a52669ba3920c4
  NVActivityIndicatorView: 60109b9bf46efc2e71ab81453196ccdfdfeea870
  PersonalizedAdConsent: b50a8a5d6065b6db23121e8fcc0dce2ae983f6ea
  Realm: 9eaecad54712d6246d08ba34c10f354e4715d7d3
  RealmSwift: 1fe08b4ebaeeaacf17f9ba0343f7b25c9fc31fa6
  RxAtomic: eacf60db868c96bfd63320e28619fe29c179656f
  RxCocoa: df63ebf7b9a70d6b4eeea407ed5dd4efc8979749
  RxSwift: 5976ecd04fc2fefd648827c23de5e11157faa973
  SnapKit: 0de968a9fec17499afa29683b05d0c775b6d1c29
  SVProgressHUD: 1428aafac632c1f86f62aa4243ec12008d7a51d6
  SVPullToRefresh: ba2e718695a43253d8bea6852d2960097dc15d8c
  Swinject: 82cdb851f63f91bba974e3eca1d69780f2f7677e
  TagListView: 0c7e9c26b9aff858224ee6b155f5fcacd9e27c83
  Toast-Swift: ba0b01b095aada709d915f9beb1d38184a2721c3
  UnityAds: 7ff4f1f17ab02b50f92646a353db25d23a4694af
  VungleSDK-iOS: a8665f4e826ad688135429f4618df4235f8738c7

PODFILE CHECKSUM: 48df08b50dfd10742e3e3b1a5e39aa703a4ef92b

COCOAPODS: 1.5.3
