PODS:
  - Alamofire (4.6.0)
  - AlamofireImage (3.3.0):
    - Alamofire (~> 4.5)
  - Bolts (1.9.0):
    - Bolts/AppLinks (= 1.9.0)
    - Bolts/Tasks (= 1.9.0)
  - Bolts/AppLinks (1.9.0):
    - Bolts/Tasks
  - Bolts/Tasks (1.9.0)
  - FacebookCore (0.3.1):
    - Bolts (~> 1.8)
    - FBSDKCoreKit (~> 4.33)
  - FBSDKCoreKit (4.34.0):
    - Bolts (~> 1.7)
  - Google-Mobile-Ads-SDK (7.31.0)
  - NVActivityIndicatorView (4.1.1):
    - NVActivityIndicatorView/Presenter (= 4.1.1)
  - NVActivityIndicatorView/Presenter (4.1.1)
  - PersonalizedAdConsent (1.0.1)
  - Realm (3.7.4):
    - Realm/Headers (= 3.7.4)
  - Realm/Headers (3.7.4)
  - RealmSwift (3.7.4):
    - Realm (= 3.7.4)
  - RxCocoa (4.2.0):
    - RxSwift (~> 4.0)
  - RxSwift (4.2.0)
  - SnapKit (4.0.0)
  - SVPullToRefresh (0.4.1)
  - TagListView (1.3.0)
  - Toast-Swift (3.0.1)
  - UnityAds (2.1.2)
  - VungleSDK-iOS (6.2.0)

DEPENDENCIES:
  - Alamofire (~> 4.6.0)
  - AlamofireImage (~> 3.3)
  - FacebookCore (~> 0.3.1)
  - Google-Mobile-Ads-SDK (~> 7.31.0)
  - NVActivityIndicatorView (~> 4.1.1)
  - PersonalizedAdConsent
  - RealmSwift (~> 3.7.4)
  - RxCocoa (~> 4.0)
  - RxSwift (~> 4.0)
  - SnapKit (~> 4.0.0)
  - SVPullToRefresh
  - TagListView (~> 1.3.0)
  - Toast-Swift (~> 3.0.1)
  - UnityAds (~> 2.1.0)
  - VungleSDK-iOS (~> 6.2.0)

SPEC REPOS:
  https://github.com/cocoapods/specs.git:
    - Alamofire
    - AlamofireImage
    - Bolts
    - FacebookCore
    - FBSDKCoreKit
    - Google-Mobile-Ads-SDK
    - NVActivityIndicatorView
    - PersonalizedAdConsent
    - Realm
    - RealmSwift
    - RxCocoa
    - RxSwift
    - SnapKit
    - SVPullToRefresh
    - TagListView
    - Toast-Swift
    - UnityAds
    - VungleSDK-iOS

SPEC CHECKSUMS:
  Alamofire: f41a599bd63041760b26d393ec1069d9d7b917f4
  AlamofireImage: 2e784dc5d00f04903a52c1d169181469c805c3df
  Bolts: ac6567323eac61e203f6a9763667d0f711be34c8
  FacebookCore: 33078ef1d7d76b73f7e8c990dca7d3ea6db8d22f
  FBSDKCoreKit: 0ff57f093b85c8c9d5aba697d3edf68a8960ce78
  Google-Mobile-Ads-SDK: 6e529e748b45507a2ca904e0b5a52669ba3920c4
  NVActivityIndicatorView: 60109b9bf46efc2e71ab81453196ccdfdfeea870
  PersonalizedAdConsent: d42d32065787eca61a9a334d2f786e6f81ebb4c7
  Realm: a469bb59e33f9926102ccaea4349822c53b9117e
  RealmSwift: a45861b21c180f5cf0f122144b9759fa8dde3e9e
  RxCocoa: 0b54909c902e1e581212a03e690bbd94032d8baa
  RxSwift: 99e10317ddfcc7fbe01356aafd118fde4a0be104
  SnapKit: a42d492c16e80209130a3379f73596c3454b7694
  SVPullToRefresh: ba2e718695a43253d8bea6852d2960097dc15d8c
  TagListView: 669f7d4455003c877655875d34829731c4191528
  Toast-Swift: ba0b01b095aada709d915f9beb1d38184a2721c3
  UnityAds: 7ff4f1f17ab02b50f92646a353db25d23a4694af
  VungleSDK-iOS: a8665f4e826ad688135429f4618df4235f8738c7

PODFILE CHECKSUM: 8f8ea3f960d9cfdeeab1df83613e1d69adbe685e

COCOAPODS: 1.5.3
